
Microsoft Visual Studio Solution File, Format Version 12.00
# Visual Studio Version 17
VisualStudioVersion = 17.0.32112.339
MinimumVisualStudioVersion = 10.0.40219.1
Project("{9A19103F-16F7-4668-BE54-9A1E7A4F7556}") = "NextGenSoftware.Logging.NLog", "NextGenSoftware.Logging.NLog\NextGenSoftware.Logging.NLog.csproj", "{2E6D8AAA-A083-40EA-BBF7-8C53DF400EC0}"
EndProject
Project("{9A19103F-16F7-4668-BE54-9A1E7A4F7556}") = "NextGenSoftware.CLI.Engine", "NextGenSoftware.CLI.Engine\NextGenSoftware.CLI.Engine.csproj", "{1B7C4413-11DA-424C-BD65-78F64312377E}"
EndProject
Project("{9A19103F-16F7-4668-BE54-9A1E7A4F7556}") = "NextGenSoftware.Logging", "NextGenSoftware.Logging\NextGenSoftware.Logging.csproj", "{EE715B40-0060-4F31-9E93-B689225E60F4}"
EndProject
Project("{9A19103F-16F7-4668-BE54-9A1E7A4F7556}") = "NextGenSoftware.Utilities", "NextGenSoftware.Utilities\NextGenSoftware.Utilities.csproj", "{6BBB9A63-4FCA-4376-A533-7BDB6C38A877}"
EndProject
Project("{9A19103F-16F7-4668-BE54-9A1E7A4F7556}") = "NextGenSoftware.WebSocket", "NextGenSoftware.WebSocket\NextGenSoftware.WebSocket.csproj", "{6A295B60-0694-4E65-BE0A-A8B2EE701A62}"
EndProject
Project("{FAE04EC0-301F-11D3-BF4B-00C04F79EFBC}") = "NextGenSoftware.ErrorHandling", "NextGenSoftware.ErrorHandling\NextGenSoftware.ErrorHandling.csproj", "{916F7B7C-3738-46DC-84A3-0237848CD6BA}"
EndProject
Global
	GlobalSection(SolutionConfigurationPlatforms) = preSolution
		Debug|Any CPU = Debug|Any CPU
		Release|Any CPU = Release|Any CPU
	EndGlobalSection
	GlobalSection(ProjectConfigurationPlatforms) = postSolution
		{2E6D8AAA-A083-40EA-BBF7-8C53DF400EC0}.Debug|Any CPU.ActiveCfg = Debug|Any CPU
		{2E6D8AAA-A083-40EA-BBF7-8C53DF400EC0}.Debug|Any CPU.Build.0 = Debug|Any CPU
		{2E6D8AAA-A083-40EA-BBF7-8C53DF400EC0}.Release|Any CPU.ActiveCfg = Release|Any CPU
		{2E6D8AAA-A083-40EA-BBF7-8C53DF400EC0}.Release|Any CPU.Build.0 = Release|Any CPU
		{1B7C4413-11DA-424C-BD65-78F64312377E}.Debug|Any CPU.ActiveCfg = Debug|Any CPU
		{1B7C4413-11DA-424C-BD65-78F64312377E}.Debug|Any CPU.Build.0 = Debug|Any CPU
		{1B7C4413-11DA-424C-BD65-78F64312377E}.Release|Any CPU.ActiveCfg = Release|Any CPU
		{1B7C4413-11DA-424C-BD65-78F64312377E}.Release|Any CPU.Build.0 = Release|Any CPU
		{EE715B40-0060-4F31-9E93-B689225E60F4}.Debug|Any CPU.ActiveCfg = Debug|Any CPU
		{EE715B40-0060-4F31-9E93-B689225E60F4}.Debug|Any CPU.Build.0 = Debug|Any CPU
		{EE715B40-0060-4F31-9E93-B689225E60F4}.Release|Any CPU.ActiveCfg = Release|Any CPU
		{EE715B40-0060-4F31-9E93-B689225E60F4}.Release|Any CPU.Build.0 = Release|Any CPU
		{6BBB9A63-4FCA-4376-A533-7BDB6C38A877}.Debug|Any CPU.ActiveCfg = Debug|Any CPU
		{6BBB9A63-4FCA-4376-A533-7BDB6C38A877}.Debug|Any CPU.Build.0 = Debug|Any CPU
		{6BBB9A63-4FCA-4376-A533-7BDB6C38A877}.Release|Any CPU.ActiveCfg = Release|Any CPU
		{6BBB9A63-4FCA-4376-A533-7BDB6C38A877}.Release|Any CPU.Build.0 = Release|Any CPU
		{6A295B60-0694-4E65-BE0A-A8B2EE701A62}.Debug|Any CPU.ActiveCfg = Debug|Any CPU
		{6A295B60-0694-4E65-BE0A-A8B2EE701A62}.Debug|Any CPU.Build.0 = Debug|Any CPU
		{6A295B60-0694-4E65-BE0A-A8B2EE701A62}.Release|Any CPU.ActiveCfg = Release|Any CPU
		{6A295B60-0694-4E65-BE0A-A8B2EE701A62}.Release|Any CPU.Build.0 = Release|Any CPU
		{916F7B7C-3738-46DC-84A3-0237848CD6BA}.Debug|Any CPU.ActiveCfg = Debug|Any CPU
		{916F7B7C-3738-46DC-84A3-0237848CD6BA}.Debug|Any CPU.Build.0 = Debug|Any CPU
		{916F7B7C-3738-46DC-84A3-0237848CD6BA}.Release|Any CPU.ActiveCfg = Release|Any CPU
		{916F7B7C-3738-46DC-84A3-0237848CD6BA}.Release|Any CPU.Build.0 = Release|Any CPU
	EndGlobalSection
	GlobalSection(SolutionProperties) = preSolution
		HideSolutionNode = FALSE
	EndGlobalSection
	GlobalSection(ExtensibilityGlobals) = postSolution
		SolutionGuid = {18C71000-75CA-4205-A75D-E48639569C27}
	EndGlobalSection
EndGlobal
