Microsoft Visual Studio Solution File, Format Version 12.00
# Visual Studio Version 17
VisualStudioVersion = 17.0.31903.59
MinimumVisualStudioVersion = 10.0.40219.1
Project("{9A19103F-16F7-4668-BE54-9A1E7A4F7556}") = "NextGenSoftware.OASIS.API.Contracts", "OASIS Architecture\NextGenSoftware.OASIS.API.Contracts\NextGenSoftware.OASIS.API.Contracts.csproj", "{A1B2C3D4-E5F6-7890-ABCD-EF1234567890}"
EndProject
Project("{9A19103F-16F7-4668-BE54-9A1E7A4F7556}") = "NextGenSoftware.OASIS.API.Core", "OASIS Architecture\NextGenSoftware.OASIS.API.Core\NextGenSoftware.OASIS.API.Core.csproj", "{B2C3D4E5-F6G7-8901-BCDE-F23456789012}"
EndProject
Project("{9A19103F-16F7-4668-BE54-9A1E7A4F7556}") = "NextGenSoftware.OASIS.API.DNA", "OASIS Architecture\NextGenSoftware.OASIS.API.DNA\NextGenSoftware.OASIS.API.DNA.csproj", "{C3D4E5F6-G7H8-9012-CDEF-345678901234}"
EndProject
Project("{9A19103F-16F7-4668-BE54-9A1E7A4F7556}") = "NextGenSoftware.OASIS.API.Managers", "OASIS Architecture\NextGenSoftware.OASIS.API.Managers\NextGenSoftware.OASIS.API.Managers.csproj", "{D4E5F6G7-H8I9-0123-DEFG-456789012345}"
EndProject
Project("{9A19103F-16F7-4668-BE54-9A1E7A4F7556}") = "NextGenSoftware.OASIS.Common", "OASIS Architecture\NextGenSoftware.OASIS.Common\NextGenSoftware.OASIS.Common.csproj", "{E5F6G7H8-I9J0-1234-EFGH-567890123456}"
EndProject
Project("{9A19103F-16F7-4668-BE54-9A1E7A4F7556}") = "NextGenSoftware.OASIS.OASISBootLoader", "OASIS Architecture\NextGenSoftware.OASIS.OASISBootLoader\NextGenSoftware.OASIS.OASISBootLoader.csproj", "{F6G7H8I9-J0K1-2345-FGHI-678901234567}"
EndProject
Project("{9A19103F-16F7-4668-BE54-9A1E7A4F7556}") = "NextGenSoftware.OASIS.API.ONODE.Core", "ONODE\NextGenSoftware.OASIS.API.ONODE.Core\NextGenSoftware.OASIS.API.ONODE.Core.csproj", "{G7H8I9J0-K1L2-3456-GHIJ-789012345678}"
EndProject
Project("{9A19103F-16F7-4668-BE54-9A1E7A4F7556}") = "NextGenSoftware.OASIS.API.ONODE.OPORTAL", "ONODE\NextGenSoftware.OASIS.API.ONODE.OPORTAL\NextGenSoftware.OASIS.API.ONODE.OPORTAL.csproj", "{H8I9J0K1-L2M3-4567-HIJK-890123456789}"
EndProject
Project("{9A19103F-16F7-4668-BE54-9A1E7A4F7556}") = "NextGenSoftware.OASIS.API.ONODE.WebAPI", "ONODE\NextGenSoftware.OASIS.API.ONODE.WebAPI\NextGenSoftware.OASIS.API.ONODE.WebAPI.csproj", "{I9J0K1L2-M3N4-5678-IJKL-901234567890}"
EndProject
Project("{9A19103F-16F7-4668-BE54-9A1E7A4F7556}") = "NextGenSoftware.OASIS.STAR", "STAR ODK\NextGenSoftware.OASIS.STAR\NextGenSoftware.OASIS.STAR.csproj", "{J0K1L2M3-N4O5-6789-JKLM-012345678901}"
EndProject
Project("{9A19103F-16F7-4668-BE54-9A1E7A4F7556}") = "NextGenSoftware.OASIS.STAR.CLI", "STAR ODK\NextGenSoftware.OASIS.STAR.CLI\NextGenSoftware.OASIS.STAR.CLI.csproj", "{K1L2M3N4-O5P6-7890-KLMN-123456789012}"
EndProject
Project("{9A19103F-16F7-4668-BE54-9A1E7A4F7556}") = "NextGenSoftware.OASIS.STAR.CLI.Lib", "STAR ODK\NextGenSoftware.OASIS.STAR.CLI.Lib\NextGenSoftware.OASIS.STAR.CLI.Lib.csproj", "{L2M3N4O5-P6Q7-8901-LMNO-234567890123}"
EndProject
Project("{9A19103F-16F7-4668-BE54-9A1E7A4F7556}") = "NextGenSoftware.OASIS.STAR.WebAPI", "STAR ODK\NextGenSoftware.OASIS.STAR.WebAPI\NextGenSoftware.OASIS.STAR.WebAPI.csproj", "{N4O5P6Q7-R8S9-0123-NOPQ-456789012345}"
EndProject
Project("{9A19103F-16F7-4668-BE54-9A1E7A4F7556}") = "NextGenSoftware.OASIS.STAR.WebUI", "STAR ODK\NextGenSoftware.OASIS.STAR.WebUI\NextGenSoftware.OASIS.STAR.WebUI.csproj", "{O5P6Q7R8-S9T0-1234-OPQR-567890123456}"
EndProject
Project("{9A19103F-16F7-4668-BE54-9A1E7A4F7556}") = "NextGenSoftware.OASIS.API.Native.Integrated.EndPoint", "Native EndPoint\NextGenSoftware.OASIS.API.Native.Integrated.EndPoint\NextGenSoftware.OASIS.API.Native.Integrated.EndPoint.csproj", "{P6Q7R8S9-T0U1-2345-PQRS-678901234567}"
EndProject
Project("{2150E333-8FDC-42A3-9474-1A3956D46DE8}") = "OASIS Architecture", "OASIS Architecture", "{Q7R8S9T0-U1V2-3456-QRST-789012345678}"
EndProject
Project("{2150E333-8FDC-42A3-9474-1A3956D46DE8}") = "ONODE", "ONODE", "{R8S9T0U1-V2W3-4567-RSTU-890123456789}"
EndProject
Project("{2150E333-8FDC-42A3-9474-1A3956D46DE8}") = "STAR ODK", "STAR ODK", "{S9T0U1V2-W3X4-5678-STUV-901234567890}"
EndProject
Project("{2150E333-8FDC-42A3-9474-1A3956D46DE8}") = "Providers", "Providers", "{T0U1V2W3-X4Y5-6789-TUVW-012345678901}"
	ProjectSection(SolutionItems) = preProject
		Providers\PROVIDER_IMPLEMENTATION_STATUS.md = Providers\PROVIDER_IMPLEMENTATION_STATUS.md
	EndProjectSection
EndProject
Project("{FAE04EC0-301F-11D3-BF4B-00C04F79EFBC}") = "NextGenSoftware.OASIS.STAR.DNA", "STAR ODK\NextGenSoftware.OASIS.STAR.STARDNA\NextGenSoftware.OASIS.STAR.DNA.csproj", "{3C7B3844-71C0-48F9-BF9A-C04552BCC9BD}"
EndProject
Project("{2150E333-8FDC-42A3-9474-1A3956D46DE8}") = "Storage", "Storage", "{8486A655-CA98-4D1E-B9F9-2FA76B41BE83}"
EndProject
Project("{FAE04EC0-301F-11D3-BF4B-00C04F79EFBC}") = "NextGenSoftware.OASIS.API.Providers.MongoDBOASIS", "Providers\Storage\NextGenSoftware.OASIS.API.Providers.MongoOASIS\NextGenSoftware.OASIS.API.Providers.MongoDBOASIS.csproj", "{2E29EDFA-882C-4B5D-BF7B-E3B7D43740A7}"
EndProject
Global
	GlobalSection(SolutionConfigurationPlatforms) = preSolution
		Debug|Any CPU = Debug|Any CPU
		Release|Any CPU = Release|Any CPU
	EndGlobalSection
	GlobalSection(ProjectConfigurationPlatforms) = postSolution
		{A1B2C3D4-E5F6-7890-ABCD-EF1234567890}.Debug|Any CPU.ActiveCfg = Debug|Any CPU
		{A1B2C3D4-E5F6-7890-ABCD-EF1234567890}.Debug|Any CPU.Build.0 = Debug|Any CPU
		{A1B2C3D4-E5F6-7890-ABCD-EF1234567890}.Release|Any CPU.ActiveCfg = Release|Any CPU
		{A1B2C3D4-E5F6-7890-ABCD-EF1234567890}.Release|Any CPU.Build.0 = Release|Any CPU
		{B2C3D4E5-F6G7-8901-BCDE-F23456789012}.Debug|Any CPU.ActiveCfg = Debug|Any CPU
		{B2C3D4E5-F6G7-8901-BCDE-F23456789012}.Debug|Any CPU.Build.0 = Debug|Any CPU
		{B2C3D4E5-F6G7-8901-BCDE-F23456789012}.Release|Any CPU.ActiveCfg = Release|Any CPU
		{B2C3D4E5-F6G7-8901-BCDE-F23456789012}.Release|Any CPU.Build.0 = Release|Any CPU
		{C3D4E5F6-G7H8-9012-CDEF-345678901234}.Debug|Any CPU.ActiveCfg = Debug|Any CPU
		{C3D4E5F6-G7H8-9012-CDEF-345678901234}.Debug|Any CPU.Build.0 = Debug|Any CPU
		{C3D4E5F6-G7H8-9012-CDEF-345678901234}.Release|Any CPU.ActiveCfg = Release|Any CPU
		{C3D4E5F6-G7H8-9012-CDEF-345678901234}.Release|Any CPU.Build.0 = Release|Any CPU
		{D4E5F6G7-H8I9-0123-DEFG-456789012345}.Debug|Any CPU.ActiveCfg = Debug|Any CPU
		{D4E5F6G7-H8I9-0123-DEFG-456789012345}.Debug|Any CPU.Build.0 = Debug|Any CPU
		{D4E5F6G7-H8I9-0123-DEFG-456789012345}.Release|Any CPU.ActiveCfg = Release|Any CPU
		{D4E5F6G7-H8I9-0123-DEFG-456789012345}.Release|Any CPU.Build.0 = Release|Any CPU
		{E5F6G7H8-I9J0-1234-EFGH-567890123456}.Debug|Any CPU.ActiveCfg = Debug|Any CPU
		{E5F6G7H8-I9J0-1234-EFGH-567890123456}.Debug|Any CPU.Build.0 = Debug|Any CPU
		{E5F6G7H8-I9J0-1234-EFGH-567890123456}.Release|Any CPU.ActiveCfg = Release|Any CPU
		{E5F6G7H8-I9J0-1234-EFGH-567890123456}.Release|Any CPU.Build.0 = Release|Any CPU
		{F6G7H8I9-J0K1-2345-FGHI-678901234567}.Debug|Any CPU.ActiveCfg = Debug|Any CPU
		{F6G7H8I9-J0K1-2345-FGHI-678901234567}.Debug|Any CPU.Build.0 = Debug|Any CPU
		{F6G7H8I9-J0K1-2345-FGHI-678901234567}.Release|Any CPU.ActiveCfg = Release|Any CPU
		{F6G7H8I9-J0K1-2345-FGHI-678901234567}.Release|Any CPU.Build.0 = Release|Any CPU
		{G7H8I9J0-K1L2-3456-GHIJ-789012345678}.Debug|Any CPU.ActiveCfg = Debug|Any CPU
		{G7H8I9J0-K1L2-3456-GHIJ-789012345678}.Debug|Any CPU.Build.0 = Debug|Any CPU
		{G7H8I9J0-K1L2-3456-GHIJ-789012345678}.Release|Any CPU.ActiveCfg = Release|Any CPU
		{G7H8I9J0-K1L2-3456-GHIJ-789012345678}.Release|Any CPU.Build.0 = Release|Any CPU
		{H8I9J0K1-L2M3-4567-HIJK-890123456789}.Debug|Any CPU.ActiveCfg = Debug|Any CPU
		{H8I9J0K1-L2M3-4567-HIJK-890123456789}.Debug|Any CPU.Build.0 = Debug|Any CPU
		{H8I9J0K1-L2M3-4567-HIJK-890123456789}.Release|Any CPU.ActiveCfg = Release|Any CPU
		{H8I9J0K1-L2M3-4567-HIJK-890123456789}.Release|Any CPU.Build.0 = Release|Any CPU
		{I9J0K1L2-M3N4-5678-IJKL-901234567890}.Debug|Any CPU.ActiveCfg = Debug|Any CPU
		{I9J0K1L2-M3N4-5678-IJKL-901234567890}.Debug|Any CPU.Build.0 = Debug|Any CPU
		{I9J0K1L2-M3N4-5678-IJKL-901234567890}.Release|Any CPU.ActiveCfg = Release|Any CPU
		{I9J0K1L2-M3N4-5678-IJKL-901234567890}.Release|Any CPU.Build.0 = Release|Any CPU
		{J0K1L2M3-N4O5-6789-JKLM-012345678901}.Debug|Any CPU.ActiveCfg = Debug|Any CPU
		{J0K1L2M3-N4O5-6789-JKLM-012345678901}.Debug|Any CPU.Build.0 = Debug|Any CPU
		{J0K1L2M3-N4O5-6789-JKLM-012345678901}.Release|Any CPU.ActiveCfg = Release|Any CPU
		{J0K1L2M3-N4O5-6789-JKLM-012345678901}.Release|Any CPU.Build.0 = Release|Any CPU
		{K1L2M3N4-O5P6-7890-KLMN-123456789012}.Debug|Any CPU.ActiveCfg = Debug|Any CPU
		{K1L2M3N4-O5P6-7890-KLMN-123456789012}.Debug|Any CPU.Build.0 = Debug|Any CPU
		{K1L2M3N4-O5P6-7890-KLMN-123456789012}.Release|Any CPU.ActiveCfg = Release|Any CPU
		{K1L2M3N4-O5P6-7890-KLMN-123456789012}.Release|Any CPU.Build.0 = Release|Any CPU
		{L2M3N4O5-P6Q7-8901-LMNO-234567890123}.Debug|Any CPU.ActiveCfg = Debug|Any CPU
		{L2M3N4O5-P6Q7-8901-LMNO-234567890123}.Debug|Any CPU.Build.0 = Debug|Any CPU
		{L2M3N4O5-P6Q7-8901-LMNO-234567890123}.Release|Any CPU.ActiveCfg = Release|Any CPU
		{L2M3N4O5-P6Q7-8901-LMNO-234567890123}.Release|Any CPU.Build.0 = Release|Any CPU
		{N4O5P6Q7-R8S9-0123-NOPQ-456789012345}.Debug|Any CPU.ActiveCfg = Debug|Any CPU
		{N4O5P6Q7-R8S9-0123-NOPQ-456789012345}.Debug|Any CPU.Build.0 = Debug|Any CPU
		{N4O5P6Q7-R8S9-0123-NOPQ-456789012345}.Release|Any CPU.ActiveCfg = Release|Any CPU
		{N4O5P6Q7-R8S9-0123-NOPQ-456789012345}.Release|Any CPU.Build.0 = Release|Any CPU
		{O5P6Q7R8-S9T0-1234-OPQR-567890123456}.Debug|Any CPU.ActiveCfg = Debug|Any CPU
		{O5P6Q7R8-S9T0-1234-OPQR-567890123456}.Debug|Any CPU.Build.0 = Debug|Any CPU
		{O5P6Q7R8-S9T0-1234-OPQR-567890123456}.Release|Any CPU.ActiveCfg = Release|Any CPU
		{O5P6Q7R8-S9T0-1234-OPQR-567890123456}.Release|Any CPU.Build.0 = Release|Any CPU
		{P6Q7R8S9-T0U1-2345-PQRS-678901234567}.Debug|Any CPU.ActiveCfg = Debug|Any CPU
		{P6Q7R8S9-T0U1-2345-PQRS-678901234567}.Debug|Any CPU.Build.0 = Debug|Any CPU
		{P6Q7R8S9-T0U1-2345-PQRS-678901234567}.Release|Any CPU.ActiveCfg = Release|Any CPU
		{P6Q7R8S9-T0U1-2345-PQRS-678901234567}.Release|Any CPU.Build.0 = Release|Any CPU
		{3C7B3844-71C0-48F9-BF9A-C04552BCC9BD}.Debug|Any CPU.ActiveCfg = Debug|Any CPU
		{3C7B3844-71C0-48F9-BF9A-C04552BCC9BD}.Debug|Any CPU.Build.0 = Debug|Any CPU
		{3C7B3844-71C0-48F9-BF9A-C04552BCC9BD}.Release|Any CPU.ActiveCfg = Release|Any CPU
		{3C7B3844-71C0-48F9-BF9A-C04552BCC9BD}.Release|Any CPU.Build.0 = Release|Any CPU
		{2E29EDFA-882C-4B5D-BF7B-E3B7D43740A7}.Debug|Any CPU.ActiveCfg = Debug|Any CPU
		{2E29EDFA-882C-4B5D-BF7B-E3B7D43740A7}.Debug|Any CPU.Build.0 = Debug|Any CPU
		{2E29EDFA-882C-4B5D-BF7B-E3B7D43740A7}.Release|Any CPU.ActiveCfg = Release|Any CPU
		{2E29EDFA-882C-4B5D-BF7B-E3B7D43740A7}.Release|Any CPU.Build.0 = Release|Any CPU
	EndGlobalSection
	GlobalSection(SolutionProperties) = preSolution
		HideSolutionNode = FALSE
	EndGlobalSection
	GlobalSection(NestedProjects) = preSolution
		{A1B2C3D4-E5F6-7890-ABCD-EF1234567890} = {Q7R8S9T0-U1V2-3456-QRST-789012345678}
		{B2C3D4E5-F6G7-8901-BCDE-F23456789012} = {Q7R8S9T0-U1V2-3456-QRST-789012345678}
		{C3D4E5F6-G7H8-9012-CDEF-345678901234} = {Q7R8S9T0-U1V2-3456-QRST-789012345678}
		{D4E5F6G7-H8I9-0123-DEFG-456789012345} = {Q7R8S9T0-U1V2-3456-QRST-789012345678}
		{E5F6G7H8-I9J0-1234-EFGH-567890123456} = {Q7R8S9T0-U1V2-3456-QRST-789012345678}
		{F6G7H8I9-J0K1-2345-FGHI-678901234567} = {Q7R8S9T0-U1V2-3456-QRST-789012345678}
		{G7H8I9J0-K1L2-3456-GHIJ-789012345678} = {R8S9T0U1-V2W3-4567-RSTU-890123456789}
		{H8I9J0K1-L2M3-4567-HIJK-890123456789} = {R8S9T0U1-V2W3-4567-RSTU-890123456789}
		{I9J0K1L2-M3N4-5678-IJKL-901234567890} = {R8S9T0U1-V2W3-4567-RSTU-890123456789}
		{J0K1L2M3-N4O5-6789-JKLM-012345678901} = {S9T0U1V2-W3X4-5678-STUV-901234567890}
		{K1L2M3N4-O5P6-7890-KLMN-123456789012} = {S9T0U1V2-W3X4-5678-STUV-901234567890}
		{L2M3N4O5-P6Q7-8901-LMNO-234567890123} = {S9T0U1V2-W3X4-5678-STUV-901234567890}
		{N4O5P6Q7-R8S9-0123-NOPQ-456789012345} = {S9T0U1V2-W3X4-5678-STUV-901234567890}
		{O5P6Q7R8-S9T0-1234-OPQR-567890123456} = {S9T0U1V2-W3X4-5678-STUV-901234567890}
		{3C7B3844-71C0-48F9-BF9A-C04552BCC9BD} = {S9T0U1V2-W3X4-5678-STUV-901234567890}
		{8486A655-CA98-4D1E-B9F9-2FA76B41BE83} = {T0U1V2W3-X4Y5-6789-TUVW-012345678901}
		{2E29EDFA-882C-4B5D-BF7B-E3B7D43740A7} = {8486A655-CA98-4D1E-B9F9-2FA76B41BE83}
	EndGlobalSection
	GlobalSection(ExtensibilityGlobals) = postSolution
		SolutionGuid = {12345678-1234-5678-9ABC-DEF012345678}
	EndGlobalSection
EndGlobal
