Microsoft Visual Studio Solution File, Format Version 12.00
# Visual Studio Version 17
VisualStudioVersion = 17.0.31903.59
MinimumVisualStudioVersion = 10.0.40219.1
Project("{9A19103F-16F7-4668-BE54-9A1E7A4F7556}") = "NextGenSoftware.OASIS.API.Contracts", "OASIS Architecture\NextGenSoftware.OASIS.API.Contracts\NextGenSoftware.OASIS.API.Contracts.csproj", "{A1B2C3D4-E5F6-7890-ABCD-EF1234567890}"
EndProject
Project("{9A19103F-16F7-4668-BE54-9A1E7A4F7556}") = "NextGenSoftware.OASIS.API.Core", "OASIS Architecture\NextGenSoftware.OASIS.API.Core\NextGenSoftware.OASIS.API.Core.csproj", "{B2C3D4E5-F6G7-8901-BCDE-F23456789012}"
EndProject
Project("{9A19103F-16F7-4668-BE54-9A1E7A4F7556}") = "NextGenSoftware.OASIS.API.DNA", "OASIS Architecture\NextGenSoftware.OASIS.API.DNA\NextGenSoftware.OASIS.API.DNA.csproj", "{C3D4E5F6-G7H8-9012-CDEF-345678901234}"
EndProject
Project("{9A19103F-16F7-4668-BE54-9A1E7A4F7556}") = "NextGenSoftware.OASIS.API.Managers", "OASIS Architecture\NextGenSoftware.OASIS.API.Managers\NextGenSoftware.OASIS.API.Managers.csproj", "{D4E5F6G7-H8I9-0123-DEFG-456789012345}"
EndProject
Project("{9A19103F-16F7-4668-BE54-9A1E7A4F7556}") = "NextGenSoftware.OASIS.Common", "OASIS Architecture\NextGenSoftware.OASIS.Common\NextGenSoftware.OASIS.Common.csproj", "{E5F6G7H8-I9J0-1234-EFGH-567890123456}"
EndProject
Project("{9A19103F-16F7-4668-BE54-9A1E7A4F7556}") = "NextGenSoftware.OASIS.OASISBootLoader", "OASIS Architecture\NextGenSoftware.OASIS.OASISBootLoader\NextGenSoftware.OASIS.OASISBootLoader.csproj", "{F6G7H8I9-J0K1-2345-FGHI-678901234567}"
EndProject
Project("{9A19103F-16F7-4668-BE54-9A1E7A4F7556}") = "NextGenSoftware.OASIS.API.ONODE.Core", "ONODE\NextGenSoftware.OASIS.API.ONODE.Core\NextGenSoftware.OASIS.API.ONODE.Core.csproj", "{G7H8I9J0-K1L2-3456-GHIJ-789012345678}"
EndProject
Project("{9A19103F-16F7-4668-BE54-9A1E7A4F7556}") = "NextGenSoftware.OASIS.API.ONODE.OPORTAL", "ONODE\NextGenSoftware.OASIS.API.ONODE.OPORTAL\NextGenSoftware.OASIS.API.ONODE.OPORTAL.csproj", "{H8I9J0K1-L2M3-4567-HIJK-890123456789}"
EndProject
Project("{9A19103F-16F7-4668-BE54-9A1E7A4F7556}") = "NextGenSoftware.OASIS.API.ONODE.WebAPI", "ONODE\NextGenSoftware.OASIS.API.ONODE.WebAPI\NextGenSoftware.OASIS.API.ONODE.WebAPI.csproj", "{I9J0K1L2-M3N4-5678-IJKL-901234567890}"
EndProject
Project("{9A19103F-16F7-4668-BE54-9A1E7A4F7556}") = "NextGenSoftware.OASIS.STAR", "STAR ODK\NextGenSoftware.OASIS.STAR\NextGenSoftware.OASIS.STAR.csproj", "{J0K1L2M3-N4O5-6789-JKLM-012345678901}"
EndProject
Project("{9A19103F-16F7-4668-BE54-9A1E7A4F7556}") = "NextGenSoftware.OASIS.STAR.CLI", "STAR ODK\NextGenSoftware.OASIS.STAR.CLI\NextGenSoftware.OASIS.STAR.CLI.csproj", "{K1L2M3N4-O5P6-7890-KLMN-123456789012}"
EndProject
Project("{9A19103F-16F7-4668-BE54-9A1E7A4F7556}") = "NextGenSoftware.OASIS.STAR.CLI.Lib", "STAR ODK\NextGenSoftware.OASIS.STAR.CLI.Lib\NextGenSoftware.OASIS.STAR.CLI.Lib.csproj", "{L2M3N4O5-P6Q7-8901-LMNO-234567890123}"
EndProject
Project("{9A19103F-16F7-4668-BE54-9A1E7A4F7556}") = "NextGenSoftware.OASIS.STAR.WebAPI", "STAR ODK\NextGenSoftware.OASIS.STAR.WebAPI\NextGenSoftware.OASIS.STAR.WebAPI.csproj", "{N4O5P6Q7-R8S9-0123-NOPQ-456789012345}"
EndProject
Project("{9A19103F-16F7-4668-BE54-9A1E7A4F7556}") = "NextGenSoftware.OASIS.STAR.WebUI", "STAR ODK\NextGenSoftware.OASIS.STAR.WebUI\NextGenSoftware.OASIS.STAR.WebUI.csproj", "{O5P6Q7R8-S9T0-1234-OPQR-567890123456}"
EndProject
Project("{9A19103F-16F7-4668-BE54-9A1E7A4F7556}") = "NextGenSoftware.OASIS.API.Native.Integrated.EndPoint", "Native EndPoint\NextGenSoftware.OASIS.API.Native.Integrated.EndPoint\NextGenSoftware.OASIS.API.Native.Integrated.EndPoint.csproj", "{P6Q7R8S9-T0U1-2345-PQRS-678901234567}"
EndProject
Project("{9A19103F-16F7-4668-BE54-9A1E7A4F7556}") = "NextGenSoftware.OASIS.API.Providers.EthereumOASIS", "Providers\Blockchain\NextGenSoftware.OASIS.API.Providers.EthereumOASIS\NextGenSoftware.OASIS.API.Providers.EthereumOASIS.csproj", "{Q7R8S9T0-U1V2-3456-QRST-789012345678}"
EndProject
Project("{9A19103F-16F7-4668-BE54-9A1E7A4F7556}") = "NextGenSoftware.OASIS.API.Providers.PolygonOASIS", "Providers\Blockchain\NextGenSoftware.OASIS.API.Providers.PolygonOASIS\NextGenSoftware.OASIS.API.Providers.PolygonOASIS.csproj", "{R8S9T0U1-V2W3-4567-RSTU-890123456789}"
EndProject
Project("{9A19103F-16F7-4668-BE54-9A1E7A4F7556}") = "NextGenSoftware.OASIS.API.Providers.BitcoinOASIS", "Providers\Blockchain\NextGenSoftware.OASIS.API.Providers.BitcoinOASIS\NextGenSoftware.OASIS.API.Providers.BitcoinOASIS.csproj", "{S9T0U1V2-W3X4-5678-STUV-901234567890}"
EndProject
Project("{9A19103F-16F7-4668-BE54-9A1E7A4F7556}") = "NextGenSoftware.OASIS.API.Providers.SOLANAOASIS", "Providers\Blockchain\NextGenSoftware.OASIS.API.Providers.SOLANAOASIS\NextGenSoftware.OASIS.API.Providers.SOLANAOASIS.csproj", "{T0U1V2W3-X4Y5-6789-TUVW-012345678901}"
EndProject
Project("{9A19103F-16F7-4668-BE54-9A1E7A4F7556}") = "NextGenSoftware.OASIS.API.Providers.SQLLiteDBOASIS", "Providers\Storage\NextGenSoftware.OASIS.API.Providers.SQLLiteDBOASIS\NextGenSoftware.OASIS.API.Providers.SQLLiteDBOASIS.csproj", "{V2W3X4Y5-Z6A7-8901-VWXY-234567890123}"
EndProject
Project("{9A19103F-16F7-4668-BE54-9A1E7A4F7556}") = "NextGenSoftware.OASIS.API.Providers.IPFSOASIS", "Providers\Network\NextGenSoftware.OASIS.API.Providers.IPFSOASIS\NextGenSoftware.OASIS.API.Providers.IPFSOASIS.csproj", "{W3X4Y5Z6-A7B8-9012-WXYZ-345678901234}"
EndProject
Project("{9A19103F-16F7-4668-BE54-9A1E7A4F7556}") = "NextGenSoftware.OASIS.API.Providers.HoloOASIS", "Providers\Network\NextGenSoftware.OASIS.API.Providers.HoloOASIS\NextGenSoftware.OASIS.API.Providers.HoloOASIS.csproj", "{X4Y5Z6A7-B8C9-0123-XYZA-456789012345}"
EndProject
Project("{2150E333-8FDC-42A3-9474-1A3956D46DE8}") = "OASIS Architecture", "OASIS Architecture", "{Y5Z6A7B8-C9D0-1234-YZAB-567890123456}"
EndProject
Project("{2150E333-8FDC-42A3-9474-1A3956D46DE8}") = "ONODE", "ONODE", "{Z6A7B8C9-D0E1-2345-ZABC-678901234567}"
EndProject
Project("{2150E333-8FDC-42A3-9474-1A3956D46DE8}") = "STAR ODK", "STAR ODK", "{A7B8C9D0-E1F2-3456-ABCD-789012345678}"
EndProject
Project("{2150E333-8FDC-42A3-9474-1A3956D46DE8}") = "Providers", "Providers", "{B8C9D0E1-F2G3-4567-BCDE-890123456789}"
	ProjectSection(SolutionItems) = preProject
		Providers\PROVIDER_IMPLEMENTATION_STATUS.md = Providers\PROVIDER_IMPLEMENTATION_STATUS.md
	EndProjectSection
EndProject
Project("{2150E333-8FDC-42A3-9474-1A3956D46DE8}") = "Blockchain", "Blockchain", "{C9D0E1F2-G3H4-5678-CDEF-901234567890}"
EndProject
Project("{2150E333-8FDC-42A3-9474-1A3956D46DE8}") = "Storage", "Storage", "{D0E1F2G3-H4I5-6789-DEFG-012345678901}"
EndProject
Project("{2150E333-8FDC-42A3-9474-1A3956D46DE8}") = "Network", "Network", "{E1F2G3H4-I5J6-7890-EFGH-123456789012}"
EndProject
Project("{FAE04EC0-301F-11D3-BF4B-00C04F79EFBC}") = "NextGenSoftware.OASIS.STAR.DNA", "STAR ODK\NextGenSoftware.OASIS.STAR.STARDNA\NextGenSoftware.OASIS.STAR.DNA.csproj", "{6DA71BB9-9FD8-4118-96F3-203449C79D1A}"
EndProject
Project("{FAE04EC0-301F-11D3-BF4B-00C04F79EFBC}") = "NextGenSoftware.OASIS.API.Providers.MongoDBOASIS", "Providers\Storage\NextGenSoftware.OASIS.API.Providers.MongoOASIS\NextGenSoftware.OASIS.API.Providers.MongoDBOASIS.csproj", "{076495CC-EDF9-4188-966C-5158E5AC1A44}"
EndProject
Project("{FAE04EC0-301F-11D3-BF4B-00C04F79EFBC}") = "NextGenSoftware.OASIS.API.Providers.AptosOASIS", "Providers\Blockchain\NextGenSoftware.OASIS.API.Providers.AptosOASIS\NextGenSoftware.OASIS.API.Providers.AptosOASIS.csproj", "{9BAF52AB-B489-4BD4-8A2A-59F9008C0E03}"
EndProject
Project("{FAE04EC0-301F-11D3-BF4B-00C04F79EFBC}") = "NextGenSoftware.OASIS.API.Providers.ArbitrumOASIS", "Providers\Blockchain\NextGenSoftware.OASIS.API.Providers.ArbitrumOASIS\NextGenSoftware.OASIS.API.Providers.ArbitrumOASIS.csproj", "{2E35C5AC-1B71-4F2D-8CB6-DD9FBB955ED4}"
EndProject
Project("{FAE04EC0-301F-11D3-BF4B-00C04F79EFBC}") = "NextGenSoftware.OASIS.API.Providers.AvalancheOASIS", "Providers\Blockchain\NextGenSoftware.OASIS.API.Providers.AvalancheOASIS\NextGenSoftware.OASIS.API.Providers.AvalancheOASIS.csproj", "{26B16680-9949-4BFA-8B77-B9863AF9D7FD}"
EndProject
Project("{FAE04EC0-301F-11D3-BF4B-00C04F79EFBC}") = "NextGenSoftware.OASIS.API.Providers.BaseOASIS", "Providers\Blockchain\NextGenSoftware.OASIS.API.Providers.BaseOASIS\NextGenSoftware.OASIS.API.Providers.BaseOASIS.csproj", "{CEEB12ED-35F8-4926-9F1E-BD3A707A9443}"
EndProject
Project("{FAE04EC0-301F-11D3-BF4B-00C04F79EFBC}") = "NextGenSoftware.OASIS.API.Providers.BNBChainOASIS", "Providers\Blockchain\NextGenSoftware.OASIS.API.Providers.BNBChainOASIS\NextGenSoftware.OASIS.API.Providers.BNBChainOASIS.csproj", "{C15202A3-FA8F-41E4-B50D-8C980863711E}"
EndProject
Project("{FAE04EC0-301F-11D3-BF4B-00C04F79EFBC}") = "NextGenSoftware.OASIS.API.Providers.CardanoOASIS", "Providers\Blockchain\NextGenSoftware.OASIS.API.Providers.CardanoOASIS\NextGenSoftware.OASIS.API.Providers.CardanoOASIS.csproj", "{62250A97-4B4F-496A-A209-653989B6E8F1}"
EndProject
Project("{FAE04EC0-301F-11D3-BF4B-00C04F79EFBC}") = "NextGenSoftware.OASIS.API.Providers.ChainLinkOASIS", "Providers\Blockchain\NextGenSoftware.OASIS.API.Providers.ChainLinkOASIS\NextGenSoftware.OASIS.API.Providers.ChainLinkOASIS.csproj", "{A33483FC-295A-41D6-8A91-219914FD5F4B}"
EndProject
Project("{FAE04EC0-301F-11D3-BF4B-00C04F79EFBC}") = "NextGenSoftware.OASIS.API.Providers.CosmosBlockChainOASIS", "Providers\Blockchain\NextGenSoftware.OASIS.API.Providers.CosmosBlockChainOASIS\NextGenSoftware.OASIS.API.Providers.CosmosBlockChainOASIS.csproj", "{A5450985-092C-4B76-9D97-B19360894DBB}"
EndProject
Project("{FAE04EC0-301F-11D3-BF4B-00C04F79EFBC}") = "NextGenSoftware.OASIS.API.Providers.ElrondOASIS", "Providers\Blockchain\NextGenSoftware.OASIS.API.Providers.ElrondOASIS\NextGenSoftware.OASIS.API.Providers.ElrondOASIS.csproj", "{B3FE9818-1E8C-40C5-9066-4E67CEE28009}"
EndProject
Project("{2150E333-8FDC-42A3-9474-1A3956D46DE8}") = "NextGenSoftware.OASIS.API.Providers.EOSIOOASIS", "NextGenSoftware.OASIS.API.Providers.EOSIOOASIS", "{03C2AF05-F3B6-4729-BCD5-CAEC706B0C46}"
EndProject
Project("{FAE04EC0-301F-11D3-BF4B-00C04F79EFBC}") = "EOSNewYork.EOSCore", "Providers\Blockchain\NextGenSoftware.OASIS.API.Providers.EOSIOOASIS\EOSNewYork.EOSCore\EOSNewYork.EOSCore.csproj", "{CF2315A8-E34E-4295-B60A-7D47B2970103}"
EndProject
Project("{FAE04EC0-301F-11D3-BF4B-00C04F79EFBC}") = "NextGenSoftware.OASIS.API.Providers.FantomOASIS", "Providers\Blockchain\NextGenSoftware.OASIS.API.Providers.FantomOASIS\NextGenSoftware.OASIS.API.Providers.FantomOASIS.csproj", "{4944DE91-5261-467D-90B2-7DCE0A0E6DAD}"
EndProject
Project("{FAE04EC0-301F-11D3-BF4B-00C04F79EFBC}") = "NextGenSoftware.OASIS.API.Providers.HashgraphOASIS", "Providers\Blockchain\NextGenSoftware.OASIS.API.Providers.HashgraphOASIS\NextGenSoftware.OASIS.API.Providers.HashgraphOASIS.csproj", "{9FB11391-3D62-44F0-A5F4-5A932CBAE368}"
EndProject
Project("{FAE04EC0-301F-11D3-BF4B-00C04F79EFBC}") = "NextGenSoftware.OASIS.API.Providers.NEAROASIS", "Providers\Blockchain\NextGenSoftware.OASIS.API.Providers.NEAROASIS\NextGenSoftware.OASIS.API.Providers.NEAROASIS.csproj", "{1DCF5B87-F7B7-42FC-A354-0E49F725FE9A}"
EndProject
Project("{FAE04EC0-301F-11D3-BF4B-00C04F79EFBC}") = "NextGenSoftware.OASIS.API.Providers.OptimismOASIS", "Providers\Blockchain\NextGenSoftware.OASIS.API.Providers.OptimismOASIS\NextGenSoftware.OASIS.API.Providers.OptimismOASIS.csproj", "{805DD438-6EFC-4CDF-B73C-3F7C225DA6E8}"
EndProject
Project("{FAE04EC0-301F-11D3-BF4B-00C04F79EFBC}") = "NextGenSoftware.OASIS.API.Providers.PolkadotOASIS", "Providers\Blockchain\NextGenSoftware.OASIS.API.Providers.PolkadotOASIS\NextGenSoftware.OASIS.API.Providers.PolkadotOASIS.csproj", "{F2985408-424C-4738-AD5B-A6C758799CFB}"
EndProject
Project("{FAE04EC0-301F-11D3-BF4B-00C04F79EFBC}") = "NextGenSoftware.OASIS.API.Providers.RootstockOASIS", "Providers\Blockchain\NextGenSoftware.OASIS.API.Providers.RootstockOASIS\NextGenSoftware.OASIS.API.Providers.RootstockOASIS.csproj", "{4392EB0E-A2B0-4F75-8A26-ED5D3F0EDDEA}"
EndProject
Project("{FAE04EC0-301F-11D3-BF4B-00C04F79EFBC}") = "NextGenSoftware.OASIS.API.Providers.SuiOASIS", "Providers\Blockchain\NextGenSoftware.OASIS.API.Providers.SuiOASIS\NextGenSoftware.OASIS.API.Providers.SuiOASIS.csproj", "{08D94716-F55B-4475-815A-91D90B8559D1}"
EndProject
Project("{FAE04EC0-301F-11D3-BF4B-00C04F79EFBC}") = "NextGenSoftware.OASIS.API.Providers.TelosOASIS", "Providers\Blockchain\NextGenSoftware.OASIS.API.Providers.TelosOASIS\NextGenSoftware.OASIS.API.Providers.TelosOASIS.csproj", "{F8959BB8-F951-4A58-8B27-E689185A09F6}"
EndProject
Project("{FAE04EC0-301F-11D3-BF4B-00C04F79EFBC}") = "NextGenSoftware.OASIS.API.Providers.TRONOASIS", "Providers\Blockchain\NextGenSoftware.OASIS.API.Providers.TRONOASIS\NextGenSoftware.OASIS.API.Providers.TRONOASIS.csproj", "{698F9CEA-4544-4439-8066-A411BAF9E1FD}"
EndProject
Project("{FAE04EC0-301F-11D3-BF4B-00C04F79EFBC}") = "NextGenSoftware.OASIS.API.Providers.Web3CoreOASIS", "Providers\Blockchain\NextGenSoftware.OASIS.API.Providers.Web3CoreOASIS\NextGenSoftware.OASIS.API.Providers.Web3CoreOASIS.csproj", "{372AEDD2-7842-4CE8-88E3-4C036F65BB5B}"
EndProject
Project("{2150E333-8FDC-42A3-9474-1A3956D46DE8}") = "Cloud", "Cloud", "{B47870E8-1D86-425B-A0CA-F7746C6B0D54}"
EndProject
Project("{FAE04EC0-301F-11D3-BF4B-00C04F79EFBC}") = "NextGenSoftware.OASIS.API.Providers.AWSOASIS", "Providers\Cloud\NextGenSoftware.OASIS.API.Providers.AWSOASIS\NextGenSoftware.OASIS.API.Providers.AWSOASIS.csproj", "{02DB8328-7C86-432D-A577-A09EE010C2BB}"
EndProject
Project("{FAE04EC0-301F-11D3-BF4B-00C04F79EFBC}") = "NextGenSoftware.OASIS.API.Providers.AzureCosmosDBOASIS", "Providers\Cloud\NextGenSoftware.OASIS.API.Providers.AzureCosmosDBOASIS\NextGenSoftware.OASIS.API.Providers.AzureCosmosDBOASIS.csproj", "{8AF05120-F316-45E7-AC4E-55F9384EE736}"
EndProject
Project("{FAE04EC0-301F-11D3-BF4B-00C04F79EFBC}") = "NextGenSoftware.OASIS.API.Providers.GoogleCloudOASIS", "Providers\Cloud\NextGenSoftware.OASIS.API.Providers.GoogleCloudOASIS\NextGenSoftware.OASIS.API.Providers.GoogleCloudOASIS.csproj", "{2A4EC9E2-73D1-4119-B902-EE5FB0B44FD4}"
EndProject
Project("{FAE04EC0-301F-11D3-BF4B-00C04F79EFBC}") = "NextGenSoftware.OASIS.API.Providers.PinataOASIS", "Providers\Cloud\NextGenSoftware.OASIS.API.Providers.PinataOASIS\NextGenSoftware.OASIS.API.Providers.PinataOASIS.csproj", "{57CA23FE-6B8A-4063-B575-7A8431D952E3}"
EndProject
Project("{2150E333-8FDC-42A3-9474-1A3956D46DE8}") = "Core", "Core", "{A688E914-77C4-410B-B739-B8E9CDCBDDAC}"
EndProject
Project("{FAE04EC0-301F-11D3-BF4B-00C04F79EFBC}") = "NextGenSoftware.OASIS.API.Core.Apollo.Server", "Providers\Core\NextGenSoftware.OASIS.API.Core.Apollo.Server\NextGenSoftware.OASIS.API.Core.Apollo.Server.csproj", "{251F0EA6-C92A-4E20-9910-FF2D0491E08F}"
EndProject
Project("{FAE04EC0-301F-11D3-BF4B-00C04F79EFBC}") = "NextGenSoftware.OASIS.API.Core.ARC.Membrane", "Providers\Core\NextGenSoftware.OASIS.API.Core.ARC.Membrane\NextGenSoftware.OASIS.API.Core.ARC.Membrane.csproj", "{394496AC-F0E5-4CFE-8A9B-92EDF128D822}"
EndProject
Project("{2150E333-8FDC-42A3-9474-1A3956D46DE8}") = "Maps", "Maps", "{4FDE1CC0-9887-46A3-BB79-5D636F9BB2E9}"
EndProject
Project("{FAE04EC0-301F-11D3-BF4B-00C04F79EFBC}") = "NextGenSoftware.OASIS.API.Providers.GOMapOASIS", "Providers\Maps\NextGenSoftware.OASIS.API.Providers.GOMapOASIS\NextGenSoftware.OASIS.API.Providers.GOMapOASIS.csproj", "{0130BF31-E88A-4AB4-8470-5F5D446F789C}"
EndProject
Project("{FAE04EC0-301F-11D3-BF4B-00C04F79EFBC}") = "NextGenSoftware.OASIS.API.Providers.MapboxOASIS", "Providers\Maps\NextGenSoftware.OASIS.API.Providers.MapboxOASIS\NextGenSoftware.OASIS.API.Providers.MapboxOASIS.csproj", "{BC7A2E06-4EA0-42AC-8CE8-4E074AE01989}"
EndProject
Project("{FAE04EC0-301F-11D3-BF4B-00C04F79EFBC}") = "NextGenSoftware.OASIS.API.Providers.ActivityPubOASIS", "Providers\Network\NextGenSoftware.OASIS.API.Providers.ActivityPubOASIS\NextGenSoftware.OASIS.API.Providers.ActivityPubOASIS.csproj", "{57BF49B2-CCC3-41F0-AC2C-5AF4A08E32DE}"
EndProject
Project("{FAE04EC0-301F-11D3-BF4B-00C04F79EFBC}") = "NextGenSoftware.OASIS.API.Providers.BlockStackOASIS", "Providers\Network\NextGenSoftware.OASIS.API.Providers.BlockStackOASIS\NextGenSoftware.OASIS.API.Providers.BlockStackOASIS.csproj", "{011873CE-EC2A-41E3-878A-081FE78EC286}"
EndProject
Project("{FAE04EC0-301F-11D3-BF4B-00C04F79EFBC}") = "NextGenSoftware.OASIS.API.Providers.HoloOASIS.Desktop", "Providers\Network\NextGenSoftware.OASIS.API.Providers.HoloOASIS.Desktop\NextGenSoftware.OASIS.API.Providers.HoloOASIS.Desktop.csproj", "{04DB68AE-C0A5-4B43-8E0B-A0CE37324EE7}"
EndProject
Project("{FAE04EC0-301F-11D3-BF4B-00C04F79EFBC}") = "NextGenSoftware.OASIS.API.Providers.HoloOASIS.Unity", "Providers\Network\NextGenSoftware.OASIS.API.Providers.HoloOASIS.Unity\NextGenSoftware.OASIS.API.Providers.HoloOASIS.Unity.csproj", "{6E320629-8F3B-48F0-A026-21EA7A2BA9D9}"
EndProject
Project("{FAE04EC0-301F-11D3-BF4B-00C04F79EFBC}") = "NextGenSoftware.OASIS.API.Providers.HoloWebOASIS", "Providers\Network\NextGenSoftware.OASIS.API.Providers.HoloWeb\NextGenSoftware.OASIS.API.Providers.HoloWebOASIS.csproj", "{EDF4E020-77F0-457B-AA0A-97CA0D3FFAF2}"
EndProject
Project("{FAE04EC0-301F-11D3-BF4B-00C04F79EFBC}") = "NextGenSoftware.OASIS.API.Providers.PLANOASIS", "Providers\Network\NextGenSoftware.OASIS.API.Providers.PLANOASIS\NextGenSoftware.OASIS.API.Providers.PLANOASIS.csproj", "{C9D59FA2-00FE-40FB-9A51-89C844B75BD9}"
EndProject
Project("{FAE04EC0-301F-11D3-BF4B-00C04F79EFBC}") = "NextGenSoftware.OASIS.API.Providers.ScuttlebuttOASIS", "Providers\Network\NextGenSoftware.OASIS.API.Providers.ScuttlebuttOASIS\NextGenSoftware.OASIS.API.Providers.ScuttlebuttOASIS.csproj", "{A048611B-556D-4351-A7E2-79E1E4D32EEE}"
EndProject
Project("{FAE04EC0-301F-11D3-BF4B-00C04F79EFBC}") = "NextGenSoftware.OASIS.API.Providers.SEEDSOASIS", "Providers\Network\NextGenSoftware.OASIS.API.Providers.SEEDSOASIS\NextGenSoftware.OASIS.API.Providers.SEEDSOASIS.csproj", "{CA203569-2300-4F11-BFAB-0BB6F35F3278}"
EndProject
Project("{FAE04EC0-301F-11D3-BF4B-00C04F79EFBC}") = "NextGenSoftware.OASIS.API.Providers.SOLIDOASIS", "Providers\Network\NextGenSoftware.OASIS.API.Providers.SOLIDOASIS\NextGenSoftware.OASIS.API.Providers.SOLIDOASIS.csproj", "{E378F9A2-3144-416D-BFB9-8D62B25FEA8C}"
EndProject
Project("{FAE04EC0-301F-11D3-BF4B-00C04F79EFBC}") = "NextGenSoftware.OASIS.API.Providers.ThreeFoldOASIS", "Providers\Network\NextGenSoftware.OASIS.API.Providers.ThreeFoldOASIS\NextGenSoftware.OASIS.API.Providers.ThreeFoldOASIS.csproj", "{B15D0702-2F46-42DB-A786-98F97EA6E67D}"
EndProject
Project("{2150E333-8FDC-42A3-9474-1A3956D46DE8}") = "Other", "Other", "{C1E015F2-9587-40D2-A534-1339A5C7A04B}"
EndProject
Project("{FAE04EC0-301F-11D3-BF4B-00C04F79EFBC}") = "NextGenSoftware.OASIS.API.Providers.CargoOASIS", "Providers\Other\NextGenSoftware.OASIS.API.Providers.CargoOASIS\NextGenSoftware.OASIS.API.Providers.CargoOASIS.csproj", "{EA916003-053B-4B7A-9820-15003E14A5F3}"
EndProject
Project("{FAE04EC0-301F-11D3-BF4B-00C04F79EFBC}") = "NextGenSoftware.OASIS.API.Providers.MoralisDBOASIS", "Providers\Other\NextGenSoftware.OASIS.API.Providers.MoralisOASIS\NextGenSoftware.OASIS.API.Providers.MoralisDBOASIS.csproj", "{1B05DE03-12B9-4A11-9207-FEF2891CC781}"
EndProject
Project("{FAE04EC0-301F-11D3-BF4B-00C04F79EFBC}") = "NextGenSoftware.OASIS.API.Providers.ONION-Protocol", "Providers\Other\NextGenSoftware.OASIS.API.Providers.ONION-Protocol\NextGenSoftware.OASIS.API.Providers.ONION-Protocol.csproj", "{39B41B4F-11EF-461D-8244-0366B9D6D9FA}"
EndProject
Project("{FAE04EC0-301F-11D3-BF4B-00C04F79EFBC}") = "NextGenSoftware.OASIS.API.Providers.OrionProtocolOASIS", "Providers\Other\NextGenSoftware.OASIS.API.Providers.OrionProtocolOASIS\NextGenSoftware.OASIS.API.Providers.OrionProtocolOASIS.csproj", "{523B5A82-ADE2-40C6-BCEC-E834C89B47EB}"
EndProject
Project("{FAE04EC0-301F-11D3-BF4B-00C04F79EFBC}") = "NextGenSoftware.OASIS.API.Providers.ProviderNameOASIS", "Providers\Other\NextGenSoftware.OASIS.API.Providers.ProviderNameOASIS\NextGenSoftware.OASIS.API.Providers.ProviderNameOASIS.csproj", "{47B7DF6F-62FD-4E89-BF2D-8958EC40CF46}"
EndProject
Project("{FAE04EC0-301F-11D3-BF4B-00C04F79EFBC}") = "NextGenSoftware.OASIS.API.Providers.WRLD3DOASIS", "Providers\Other\NextGenSoftware.OASIS.API.Providers.WRLD3DOASIS\NextGenSoftware.OASIS.API.Providers.WRLD3DOASIS.csproj", "{365AC845-72E4-4C8A-B615-B55DD44193C6}"
EndProject
Project("{FAE04EC0-301F-11D3-BF4B-00C04F79EFBC}") = "NextGenSoftware.OASIS.API.Providers.LocalFileOASIS", "Providers\Storage\NextGenSoftware.OASIS.API.Providers.LocalFileOASIS\NextGenSoftware.OASIS.API.Providers.LocalFileOASIS.csproj", "{28FC81F4-6A51-445F-B7A4-400254DA7FAD}"
EndProject
Project("{FAE04EC0-301F-11D3-BF4B-00C04F79EFBC}") = "NextGenSoftware.OASIS.API.Providers.Neo4jOASIS.Aura", "Providers\Storage\NextGenSoftware.OASIS.API.Providers.Neo4jOASIS.Aura\NextGenSoftware.OASIS.API.Providers.Neo4jOASIS.Aura.csproj", "{90387205-BE02-4E86-8AC9-9794D8900EA4}"
EndProject
Project("{FAE04EC0-301F-11D3-BF4B-00C04F79EFBC}") = "NextGenSoftware.OASIS.API.Providers.Neo4jOASIS", "Providers\Storage\NextGenSoftware.OASIS.API.Providers.Neo4jOASIS\NextGenSoftware.OASIS.API.Providers.Neo4jOASIS.csproj", "{DCDAE568-62A0-4506-B421-DAB24868D387}"
EndProject
Project("{FAE04EC0-301F-11D3-BF4B-00C04F79EFBC}") = "NextGenSoftware.OASIS.API.Providers.Neo4jOASIS2", "Providers\Storage\NextGenSoftware.OASIS.API.Providers.Neo4jOASIS2\NextGenSoftware.OASIS.API.Providers.Neo4jOASIS2.csproj", "{6A2E8CD5-7F64-4376-96B3-FCDCCB476090}"
EndProject
Global
	GlobalSection(SolutionConfigurationPlatforms) = preSolution
		Debug|Any CPU = Debug|Any CPU
		Release|Any CPU = Release|Any CPU
	EndGlobalSection
	GlobalSection(ProjectConfigurationPlatforms) = postSolution
		{A1B2C3D4-E5F6-7890-ABCD-EF1234567890}.Debug|Any CPU.ActiveCfg = Debug|Any CPU
		{A1B2C3D4-E5F6-7890-ABCD-EF1234567890}.Debug|Any CPU.Build.0 = Debug|Any CPU
		{A1B2C3D4-E5F6-7890-ABCD-EF1234567890}.Release|Any CPU.ActiveCfg = Release|Any CPU
		{A1B2C3D4-E5F6-7890-ABCD-EF1234567890}.Release|Any CPU.Build.0 = Release|Any CPU
		{B2C3D4E5-F6G7-8901-BCDE-F23456789012}.Debug|Any CPU.ActiveCfg = Debug|Any CPU
		{B2C3D4E5-F6G7-8901-BCDE-F23456789012}.Debug|Any CPU.Build.0 = Debug|Any CPU
		{B2C3D4E5-F6G7-8901-BCDE-F23456789012}.Release|Any CPU.ActiveCfg = Release|Any CPU
		{B2C3D4E5-F6G7-8901-BCDE-F23456789012}.Release|Any CPU.Build.0 = Release|Any CPU
		{C3D4E5F6-G7H8-9012-CDEF-345678901234}.Debug|Any CPU.ActiveCfg = Debug|Any CPU
		{C3D4E5F6-G7H8-9012-CDEF-345678901234}.Debug|Any CPU.Build.0 = Debug|Any CPU
		{C3D4E5F6-G7H8-9012-CDEF-345678901234}.Release|Any CPU.ActiveCfg = Release|Any CPU
		{C3D4E5F6-G7H8-9012-CDEF-345678901234}.Release|Any CPU.Build.0 = Release|Any CPU
		{D4E5F6G7-H8I9-0123-DEFG-456789012345}.Debug|Any CPU.ActiveCfg = Debug|Any CPU
		{D4E5F6G7-H8I9-0123-DEFG-456789012345}.Debug|Any CPU.Build.0 = Debug|Any CPU
		{D4E5F6G7-H8I9-0123-DEFG-456789012345}.Release|Any CPU.ActiveCfg = Release|Any CPU
		{D4E5F6G7-H8I9-0123-DEFG-456789012345}.Release|Any CPU.Build.0 = Release|Any CPU
		{E5F6G7H8-I9J0-1234-EFGH-567890123456}.Debug|Any CPU.ActiveCfg = Debug|Any CPU
		{E5F6G7H8-I9J0-1234-EFGH-567890123456}.Debug|Any CPU.Build.0 = Debug|Any CPU
		{E5F6G7H8-I9J0-1234-EFGH-567890123456}.Release|Any CPU.ActiveCfg = Release|Any CPU
		{E5F6G7H8-I9J0-1234-EFGH-567890123456}.Release|Any CPU.Build.0 = Release|Any CPU
		{F6G7H8I9-J0K1-2345-FGHI-678901234567}.Debug|Any CPU.ActiveCfg = Debug|Any CPU
		{F6G7H8I9-J0K1-2345-FGHI-678901234567}.Debug|Any CPU.Build.0 = Debug|Any CPU
		{F6G7H8I9-J0K1-2345-FGHI-678901234567}.Release|Any CPU.ActiveCfg = Release|Any CPU
		{F6G7H8I9-J0K1-2345-FGHI-678901234567}.Release|Any CPU.Build.0 = Release|Any CPU
		{G7H8I9J0-K1L2-3456-GHIJ-789012345678}.Debug|Any CPU.ActiveCfg = Debug|Any CPU
		{G7H8I9J0-K1L2-3456-GHIJ-789012345678}.Debug|Any CPU.Build.0 = Debug|Any CPU
		{G7H8I9J0-K1L2-3456-GHIJ-789012345678}.Release|Any CPU.ActiveCfg = Release|Any CPU
		{G7H8I9J0-K1L2-3456-GHIJ-789012345678}.Release|Any CPU.Build.0 = Release|Any CPU
		{H8I9J0K1-L2M3-4567-HIJK-890123456789}.Debug|Any CPU.ActiveCfg = Debug|Any CPU
		{H8I9J0K1-L2M3-4567-HIJK-890123456789}.Debug|Any CPU.Build.0 = Debug|Any CPU
		{H8I9J0K1-L2M3-4567-HIJK-890123456789}.Release|Any CPU.ActiveCfg = Release|Any CPU
		{H8I9J0K1-L2M3-4567-HIJK-890123456789}.Release|Any CPU.Build.0 = Release|Any CPU
		{I9J0K1L2-M3N4-5678-IJKL-901234567890}.Debug|Any CPU.ActiveCfg = Debug|Any CPU
		{I9J0K1L2-M3N4-5678-IJKL-901234567890}.Debug|Any CPU.Build.0 = Debug|Any CPU
		{I9J0K1L2-M3N4-5678-IJKL-901234567890}.Release|Any CPU.ActiveCfg = Release|Any CPU
		{I9J0K1L2-M3N4-5678-IJKL-901234567890}.Release|Any CPU.Build.0 = Release|Any CPU
		{J0K1L2M3-N4O5-6789-JKLM-012345678901}.Debug|Any CPU.ActiveCfg = Debug|Any CPU
		{J0K1L2M3-N4O5-6789-JKLM-012345678901}.Debug|Any CPU.Build.0 = Debug|Any CPU
		{J0K1L2M3-N4O5-6789-JKLM-012345678901}.Release|Any CPU.ActiveCfg = Release|Any CPU
		{J0K1L2M3-N4O5-6789-JKLM-012345678901}.Release|Any CPU.Build.0 = Release|Any CPU
		{K1L2M3N4-O5P6-7890-KLMN-123456789012}.Debug|Any CPU.ActiveCfg = Debug|Any CPU
		{K1L2M3N4-O5P6-7890-KLMN-123456789012}.Debug|Any CPU.Build.0 = Debug|Any CPU
		{K1L2M3N4-O5P6-7890-KLMN-123456789012}.Release|Any CPU.ActiveCfg = Release|Any CPU
		{K1L2M3N4-O5P6-7890-KLMN-123456789012}.Release|Any CPU.Build.0 = Release|Any CPU
		{L2M3N4O5-P6Q7-8901-LMNO-234567890123}.Debug|Any CPU.ActiveCfg = Debug|Any CPU
		{L2M3N4O5-P6Q7-8901-LMNO-234567890123}.Debug|Any CPU.Build.0 = Debug|Any CPU
		{L2M3N4O5-P6Q7-8901-LMNO-234567890123}.Release|Any CPU.ActiveCfg = Release|Any CPU
		{L2M3N4O5-P6Q7-8901-LMNO-234567890123}.Release|Any CPU.Build.0 = Release|Any CPU
		{N4O5P6Q7-R8S9-0123-NOPQ-456789012345}.Debug|Any CPU.ActiveCfg = Debug|Any CPU
		{N4O5P6Q7-R8S9-0123-NOPQ-456789012345}.Debug|Any CPU.Build.0 = Debug|Any CPU
		{N4O5P6Q7-R8S9-0123-NOPQ-456789012345}.Release|Any CPU.ActiveCfg = Release|Any CPU
		{N4O5P6Q7-R8S9-0123-NOPQ-456789012345}.Release|Any CPU.Build.0 = Release|Any CPU
		{O5P6Q7R8-S9T0-1234-OPQR-567890123456}.Debug|Any CPU.ActiveCfg = Debug|Any CPU
		{O5P6Q7R8-S9T0-1234-OPQR-567890123456}.Debug|Any CPU.Build.0 = Debug|Any CPU
		{O5P6Q7R8-S9T0-1234-OPQR-567890123456}.Release|Any CPU.ActiveCfg = Release|Any CPU
		{O5P6Q7R8-S9T0-1234-OPQR-567890123456}.Release|Any CPU.Build.0 = Release|Any CPU
		{P6Q7R8S9-T0U1-2345-PQRS-678901234567}.Debug|Any CPU.ActiveCfg = Debug|Any CPU
		{P6Q7R8S9-T0U1-2345-PQRS-678901234567}.Debug|Any CPU.Build.0 = Debug|Any CPU
		{P6Q7R8S9-T0U1-2345-PQRS-678901234567}.Release|Any CPU.ActiveCfg = Release|Any CPU
		{P6Q7R8S9-T0U1-2345-PQRS-678901234567}.Release|Any CPU.Build.0 = Release|Any CPU
		{Q7R8S9T0-U1V2-3456-QRST-789012345678}.Debug|Any CPU.ActiveCfg = Debug|Any CPU
		{Q7R8S9T0-U1V2-3456-QRST-789012345678}.Debug|Any CPU.Build.0 = Debug|Any CPU
		{Q7R8S9T0-U1V2-3456-QRST-789012345678}.Release|Any CPU.ActiveCfg = Release|Any CPU
		{Q7R8S9T0-U1V2-3456-QRST-789012345678}.Release|Any CPU.Build.0 = Release|Any CPU
		{R8S9T0U1-V2W3-4567-RSTU-890123456789}.Debug|Any CPU.ActiveCfg = Debug|Any CPU
		{R8S9T0U1-V2W3-4567-RSTU-890123456789}.Debug|Any CPU.Build.0 = Debug|Any CPU
		{R8S9T0U1-V2W3-4567-RSTU-890123456789}.Release|Any CPU.ActiveCfg = Release|Any CPU
		{R8S9T0U1-V2W3-4567-RSTU-890123456789}.Release|Any CPU.Build.0 = Release|Any CPU
		{S9T0U1V2-W3X4-5678-STUV-901234567890}.Debug|Any CPU.ActiveCfg = Debug|Any CPU
		{S9T0U1V2-W3X4-5678-STUV-901234567890}.Debug|Any CPU.Build.0 = Debug|Any CPU
		{S9T0U1V2-W3X4-5678-STUV-901234567890}.Release|Any CPU.ActiveCfg = Release|Any CPU
		{S9T0U1V2-W3X4-5678-STUV-901234567890}.Release|Any CPU.Build.0 = Release|Any CPU
		{T0U1V2W3-X4Y5-6789-TUVW-012345678901}.Debug|Any CPU.ActiveCfg = Debug|Any CPU
		{T0U1V2W3-X4Y5-6789-TUVW-012345678901}.Debug|Any CPU.Build.0 = Debug|Any CPU
		{T0U1V2W3-X4Y5-6789-TUVW-012345678901}.Release|Any CPU.ActiveCfg = Release|Any CPU
		{T0U1V2W3-X4Y5-6789-TUVW-012345678901}.Release|Any CPU.Build.0 = Release|Any CPU
		{V2W3X4Y5-Z6A7-8901-VWXY-234567890123}.Debug|Any CPU.ActiveCfg = Debug|Any CPU
		{V2W3X4Y5-Z6A7-8901-VWXY-234567890123}.Debug|Any CPU.Build.0 = Debug|Any CPU
		{V2W3X4Y5-Z6A7-8901-VWXY-234567890123}.Release|Any CPU.ActiveCfg = Release|Any CPU
		{V2W3X4Y5-Z6A7-8901-VWXY-234567890123}.Release|Any CPU.Build.0 = Release|Any CPU
		{W3X4Y5Z6-A7B8-9012-WXYZ-345678901234}.Debug|Any CPU.ActiveCfg = Debug|Any CPU
		{W3X4Y5Z6-A7B8-9012-WXYZ-345678901234}.Debug|Any CPU.Build.0 = Debug|Any CPU
		{W3X4Y5Z6-A7B8-9012-WXYZ-345678901234}.Release|Any CPU.ActiveCfg = Release|Any CPU
		{W3X4Y5Z6-A7B8-9012-WXYZ-345678901234}.Release|Any CPU.Build.0 = Release|Any CPU
		{X4Y5Z6A7-B8C9-0123-XYZA-456789012345}.Debug|Any CPU.ActiveCfg = Debug|Any CPU
		{X4Y5Z6A7-B8C9-0123-XYZA-456789012345}.Debug|Any CPU.Build.0 = Debug|Any CPU
		{X4Y5Z6A7-B8C9-0123-XYZA-456789012345}.Release|Any CPU.ActiveCfg = Release|Any CPU
		{X4Y5Z6A7-B8C9-0123-XYZA-456789012345}.Release|Any CPU.Build.0 = Release|Any CPU
		{6DA71BB9-9FD8-4118-96F3-203449C79D1A}.Debug|Any CPU.ActiveCfg = Debug|Any CPU
		{6DA71BB9-9FD8-4118-96F3-203449C79D1A}.Debug|Any CPU.Build.0 = Debug|Any CPU
		{6DA71BB9-9FD8-4118-96F3-203449C79D1A}.Release|Any CPU.ActiveCfg = Release|Any CPU
		{6DA71BB9-9FD8-4118-96F3-203449C79D1A}.Release|Any CPU.Build.0 = Release|Any CPU
		{076495CC-EDF9-4188-966C-5158E5AC1A44}.Debug|Any CPU.ActiveCfg = Debug|Any CPU
		{076495CC-EDF9-4188-966C-5158E5AC1A44}.Debug|Any CPU.Build.0 = Debug|Any CPU
		{076495CC-EDF9-4188-966C-5158E5AC1A44}.Release|Any CPU.ActiveCfg = Release|Any CPU
		{076495CC-EDF9-4188-966C-5158E5AC1A44}.Release|Any CPU.Build.0 = Release|Any CPU
		{9BAF52AB-B489-4BD4-8A2A-59F9008C0E03}.Debug|Any CPU.ActiveCfg = Debug|Any CPU
		{9BAF52AB-B489-4BD4-8A2A-59F9008C0E03}.Debug|Any CPU.Build.0 = Debug|Any CPU
		{9BAF52AB-B489-4BD4-8A2A-59F9008C0E03}.Release|Any CPU.ActiveCfg = Release|Any CPU
		{9BAF52AB-B489-4BD4-8A2A-59F9008C0E03}.Release|Any CPU.Build.0 = Release|Any CPU
		{2E35C5AC-1B71-4F2D-8CB6-DD9FBB955ED4}.Debug|Any CPU.ActiveCfg = Debug|Any CPU
		{2E35C5AC-1B71-4F2D-8CB6-DD9FBB955ED4}.Debug|Any CPU.Build.0 = Debug|Any CPU
		{2E35C5AC-1B71-4F2D-8CB6-DD9FBB955ED4}.Release|Any CPU.ActiveCfg = Release|Any CPU
		{2E35C5AC-1B71-4F2D-8CB6-DD9FBB955ED4}.Release|Any CPU.Build.0 = Release|Any CPU
		{26B16680-9949-4BFA-8B77-B9863AF9D7FD}.Debug|Any CPU.ActiveCfg = Debug|Any CPU
		{26B16680-9949-4BFA-8B77-B9863AF9D7FD}.Debug|Any CPU.Build.0 = Debug|Any CPU
		{26B16680-9949-4BFA-8B77-B9863AF9D7FD}.Release|Any CPU.ActiveCfg = Release|Any CPU
		{26B16680-9949-4BFA-8B77-B9863AF9D7FD}.Release|Any CPU.Build.0 = Release|Any CPU
		{CEEB12ED-35F8-4926-9F1E-BD3A707A9443}.Debug|Any CPU.ActiveCfg = Debug|Any CPU
		{CEEB12ED-35F8-4926-9F1E-BD3A707A9443}.Debug|Any CPU.Build.0 = Debug|Any CPU
		{CEEB12ED-35F8-4926-9F1E-BD3A707A9443}.Release|Any CPU.ActiveCfg = Release|Any CPU
		{CEEB12ED-35F8-4926-9F1E-BD3A707A9443}.Release|Any CPU.Build.0 = Release|Any CPU
		{C15202A3-FA8F-41E4-B50D-8C980863711E}.Debug|Any CPU.ActiveCfg = Debug|Any CPU
		{C15202A3-FA8F-41E4-B50D-8C980863711E}.Debug|Any CPU.Build.0 = Debug|Any CPU
		{C15202A3-FA8F-41E4-B50D-8C980863711E}.Release|Any CPU.ActiveCfg = Release|Any CPU
		{C15202A3-FA8F-41E4-B50D-8C980863711E}.Release|Any CPU.Build.0 = Release|Any CPU
		{62250A97-4B4F-496A-A209-653989B6E8F1}.Debug|Any CPU.ActiveCfg = Debug|Any CPU
		{62250A97-4B4F-496A-A209-653989B6E8F1}.Debug|Any CPU.Build.0 = Debug|Any CPU
		{62250A97-4B4F-496A-A209-653989B6E8F1}.Release|Any CPU.ActiveCfg = Release|Any CPU
		{62250A97-4B4F-496A-A209-653989B6E8F1}.Release|Any CPU.Build.0 = Release|Any CPU
		{A33483FC-295A-41D6-8A91-219914FD5F4B}.Debug|Any CPU.ActiveCfg = Debug|Any CPU
		{A33483FC-295A-41D6-8A91-219914FD5F4B}.Debug|Any CPU.Build.0 = Debug|Any CPU
		{A33483FC-295A-41D6-8A91-219914FD5F4B}.Release|Any CPU.ActiveCfg = Release|Any CPU
		{A33483FC-295A-41D6-8A91-219914FD5F4B}.Release|Any CPU.Build.0 = Release|Any CPU
		{A5450985-092C-4B76-9D97-B19360894DBB}.Debug|Any CPU.ActiveCfg = Debug|Any CPU
		{A5450985-092C-4B76-9D97-B19360894DBB}.Debug|Any CPU.Build.0 = Debug|Any CPU
		{A5450985-092C-4B76-9D97-B19360894DBB}.Release|Any CPU.ActiveCfg = Release|Any CPU
		{A5450985-092C-4B76-9D97-B19360894DBB}.Release|Any CPU.Build.0 = Release|Any CPU
		{B3FE9818-1E8C-40C5-9066-4E67CEE28009}.Debug|Any CPU.ActiveCfg = Debug|Any CPU
		{B3FE9818-1E8C-40C5-9066-4E67CEE28009}.Debug|Any CPU.Build.0 = Debug|Any CPU
		{B3FE9818-1E8C-40C5-9066-4E67CEE28009}.Release|Any CPU.ActiveCfg = Release|Any CPU
		{B3FE9818-1E8C-40C5-9066-4E67CEE28009}.Release|Any CPU.Build.0 = Release|Any CPU
		{CF2315A8-E34E-4295-B60A-7D47B2970103}.Debug|Any CPU.ActiveCfg = Debug|Any CPU
		{CF2315A8-E34E-4295-B60A-7D47B2970103}.Debug|Any CPU.Build.0 = Debug|Any CPU
		{CF2315A8-E34E-4295-B60A-7D47B2970103}.Release|Any CPU.ActiveCfg = Release|Any CPU
		{CF2315A8-E34E-4295-B60A-7D47B2970103}.Release|Any CPU.Build.0 = Release|Any CPU
		{4944DE91-5261-467D-90B2-7DCE0A0E6DAD}.Debug|Any CPU.ActiveCfg = Debug|Any CPU
		{4944DE91-5261-467D-90B2-7DCE0A0E6DAD}.Debug|Any CPU.Build.0 = Debug|Any CPU
		{4944DE91-5261-467D-90B2-7DCE0A0E6DAD}.Release|Any CPU.ActiveCfg = Release|Any CPU
		{4944DE91-5261-467D-90B2-7DCE0A0E6DAD}.Release|Any CPU.Build.0 = Release|Any CPU
		{9FB11391-3D62-44F0-A5F4-5A932CBAE368}.Debug|Any CPU.ActiveCfg = Debug|Any CPU
		{9FB11391-3D62-44F0-A5F4-5A932CBAE368}.Debug|Any CPU.Build.0 = Debug|Any CPU
		{9FB11391-3D62-44F0-A5F4-5A932CBAE368}.Release|Any CPU.ActiveCfg = Release|Any CPU
		{9FB11391-3D62-44F0-A5F4-5A932CBAE368}.Release|Any CPU.Build.0 = Release|Any CPU
		{1DCF5B87-F7B7-42FC-A354-0E49F725FE9A}.Debug|Any CPU.ActiveCfg = Debug|Any CPU
		{1DCF5B87-F7B7-42FC-A354-0E49F725FE9A}.Debug|Any CPU.Build.0 = Debug|Any CPU
		{1DCF5B87-F7B7-42FC-A354-0E49F725FE9A}.Release|Any CPU.ActiveCfg = Release|Any CPU
		{1DCF5B87-F7B7-42FC-A354-0E49F725FE9A}.Release|Any CPU.Build.0 = Release|Any CPU
		{805DD438-6EFC-4CDF-B73C-3F7C225DA6E8}.Debug|Any CPU.ActiveCfg = Debug|Any CPU
		{805DD438-6EFC-4CDF-B73C-3F7C225DA6E8}.Debug|Any CPU.Build.0 = Debug|Any CPU
		{805DD438-6EFC-4CDF-B73C-3F7C225DA6E8}.Release|Any CPU.ActiveCfg = Release|Any CPU
		{805DD438-6EFC-4CDF-B73C-3F7C225DA6E8}.Release|Any CPU.Build.0 = Release|Any CPU
		{F2985408-424C-4738-AD5B-A6C758799CFB}.Debug|Any CPU.ActiveCfg = Debug|Any CPU
		{F2985408-424C-4738-AD5B-A6C758799CFB}.Debug|Any CPU.Build.0 = Debug|Any CPU
		{F2985408-424C-4738-AD5B-A6C758799CFB}.Release|Any CPU.ActiveCfg = Release|Any CPU
		{F2985408-424C-4738-AD5B-A6C758799CFB}.Release|Any CPU.Build.0 = Release|Any CPU
		{4392EB0E-A2B0-4F75-8A26-ED5D3F0EDDEA}.Debug|Any CPU.ActiveCfg = Debug|Any CPU
		{4392EB0E-A2B0-4F75-8A26-ED5D3F0EDDEA}.Debug|Any CPU.Build.0 = Debug|Any CPU
		{4392EB0E-A2B0-4F75-8A26-ED5D3F0EDDEA}.Release|Any CPU.ActiveCfg = Release|Any CPU
		{4392EB0E-A2B0-4F75-8A26-ED5D3F0EDDEA}.Release|Any CPU.Build.0 = Release|Any CPU
		{08D94716-F55B-4475-815A-91D90B8559D1}.Debug|Any CPU.ActiveCfg = Debug|Any CPU
		{08D94716-F55B-4475-815A-91D90B8559D1}.Debug|Any CPU.Build.0 = Debug|Any CPU
		{08D94716-F55B-4475-815A-91D90B8559D1}.Release|Any CPU.ActiveCfg = Release|Any CPU
		{08D94716-F55B-4475-815A-91D90B8559D1}.Release|Any CPU.Build.0 = Release|Any CPU
		{F8959BB8-F951-4A58-8B27-E689185A09F6}.Debug|Any CPU.ActiveCfg = Debug|Any CPU
		{F8959BB8-F951-4A58-8B27-E689185A09F6}.Debug|Any CPU.Build.0 = Debug|Any CPU
		{F8959BB8-F951-4A58-8B27-E689185A09F6}.Release|Any CPU.ActiveCfg = Release|Any CPU
		{F8959BB8-F951-4A58-8B27-E689185A09F6}.Release|Any CPU.Build.0 = Release|Any CPU
		{698F9CEA-4544-4439-8066-A411BAF9E1FD}.Debug|Any CPU.ActiveCfg = Debug|Any CPU
		{698F9CEA-4544-4439-8066-A411BAF9E1FD}.Debug|Any CPU.Build.0 = Debug|Any CPU
		{698F9CEA-4544-4439-8066-A411BAF9E1FD}.Release|Any CPU.ActiveCfg = Release|Any CPU
		{698F9CEA-4544-4439-8066-A411BAF9E1FD}.Release|Any CPU.Build.0 = Release|Any CPU
		{372AEDD2-7842-4CE8-88E3-4C036F65BB5B}.Debug|Any CPU.ActiveCfg = Debug|Any CPU
		{372AEDD2-7842-4CE8-88E3-4C036F65BB5B}.Debug|Any CPU.Build.0 = Debug|Any CPU
		{372AEDD2-7842-4CE8-88E3-4C036F65BB5B}.Release|Any CPU.ActiveCfg = Release|Any CPU
		{372AEDD2-7842-4CE8-88E3-4C036F65BB5B}.Release|Any CPU.Build.0 = Release|Any CPU
		{02DB8328-7C86-432D-A577-A09EE010C2BB}.Debug|Any CPU.ActiveCfg = Debug|Any CPU
		{02DB8328-7C86-432D-A577-A09EE010C2BB}.Debug|Any CPU.Build.0 = Debug|Any CPU
		{02DB8328-7C86-432D-A577-A09EE010C2BB}.Release|Any CPU.ActiveCfg = Release|Any CPU
		{02DB8328-7C86-432D-A577-A09EE010C2BB}.Release|Any CPU.Build.0 = Release|Any CPU
		{8AF05120-F316-45E7-AC4E-55F9384EE736}.Debug|Any CPU.ActiveCfg = Debug|Any CPU
		{8AF05120-F316-45E7-AC4E-55F9384EE736}.Debug|Any CPU.Build.0 = Debug|Any CPU
		{8AF05120-F316-45E7-AC4E-55F9384EE736}.Release|Any CPU.ActiveCfg = Release|Any CPU
		{8AF05120-F316-45E7-AC4E-55F9384EE736}.Release|Any CPU.Build.0 = Release|Any CPU
		{2A4EC9E2-73D1-4119-B902-EE5FB0B44FD4}.Debug|Any CPU.ActiveCfg = Debug|Any CPU
		{2A4EC9E2-73D1-4119-B902-EE5FB0B44FD4}.Debug|Any CPU.Build.0 = Debug|Any CPU
		{2A4EC9E2-73D1-4119-B902-EE5FB0B44FD4}.Release|Any CPU.ActiveCfg = Release|Any CPU
		{2A4EC9E2-73D1-4119-B902-EE5FB0B44FD4}.Release|Any CPU.Build.0 = Release|Any CPU
		{57CA23FE-6B8A-4063-B575-7A8431D952E3}.Debug|Any CPU.ActiveCfg = Debug|Any CPU
		{57CA23FE-6B8A-4063-B575-7A8431D952E3}.Debug|Any CPU.Build.0 = Debug|Any CPU
		{57CA23FE-6B8A-4063-B575-7A8431D952E3}.Release|Any CPU.ActiveCfg = Release|Any CPU
		{57CA23FE-6B8A-4063-B575-7A8431D952E3}.Release|Any CPU.Build.0 = Release|Any CPU
		{251F0EA6-C92A-4E20-9910-FF2D0491E08F}.Debug|Any CPU.ActiveCfg = Debug|Any CPU
		{251F0EA6-C92A-4E20-9910-FF2D0491E08F}.Debug|Any CPU.Build.0 = Debug|Any CPU
		{251F0EA6-C92A-4E20-9910-FF2D0491E08F}.Release|Any CPU.ActiveCfg = Release|Any CPU
		{251F0EA6-C92A-4E20-9910-FF2D0491E08F}.Release|Any CPU.Build.0 = Release|Any CPU
		{394496AC-F0E5-4CFE-8A9B-92EDF128D822}.Debug|Any CPU.ActiveCfg = Debug|Any CPU
		{394496AC-F0E5-4CFE-8A9B-92EDF128D822}.Debug|Any CPU.Build.0 = Debug|Any CPU
		{394496AC-F0E5-4CFE-8A9B-92EDF128D822}.Release|Any CPU.ActiveCfg = Release|Any CPU
		{394496AC-F0E5-4CFE-8A9B-92EDF128D822}.Release|Any CPU.Build.0 = Release|Any CPU
		{0130BF31-E88A-4AB4-8470-5F5D446F789C}.Debug|Any CPU.ActiveCfg = Debug|Any CPU
		{0130BF31-E88A-4AB4-8470-5F5D446F789C}.Debug|Any CPU.Build.0 = Debug|Any CPU
		{0130BF31-E88A-4AB4-8470-5F5D446F789C}.Release|Any CPU.ActiveCfg = Release|Any CPU
		{0130BF31-E88A-4AB4-8470-5F5D446F789C}.Release|Any CPU.Build.0 = Release|Any CPU
		{BC7A2E06-4EA0-42AC-8CE8-4E074AE01989}.Debug|Any CPU.ActiveCfg = Debug|Any CPU
		{BC7A2E06-4EA0-42AC-8CE8-4E074AE01989}.Debug|Any CPU.Build.0 = Debug|Any CPU
		{BC7A2E06-4EA0-42AC-8CE8-4E074AE01989}.Release|Any CPU.ActiveCfg = Release|Any CPU
		{BC7A2E06-4EA0-42AC-8CE8-4E074AE01989}.Release|Any CPU.Build.0 = Release|Any CPU
		{57BF49B2-CCC3-41F0-AC2C-5AF4A08E32DE}.Debug|Any CPU.ActiveCfg = Debug|Any CPU
		{57BF49B2-CCC3-41F0-AC2C-5AF4A08E32DE}.Debug|Any CPU.Build.0 = Debug|Any CPU
		{57BF49B2-CCC3-41F0-AC2C-5AF4A08E32DE}.Release|Any CPU.ActiveCfg = Release|Any CPU
		{57BF49B2-CCC3-41F0-AC2C-5AF4A08E32DE}.Release|Any CPU.Build.0 = Release|Any CPU
		{011873CE-EC2A-41E3-878A-081FE78EC286}.Debug|Any CPU.ActiveCfg = Debug|Any CPU
		{011873CE-EC2A-41E3-878A-081FE78EC286}.Debug|Any CPU.Build.0 = Debug|Any CPU
		{011873CE-EC2A-41E3-878A-081FE78EC286}.Release|Any CPU.ActiveCfg = Release|Any CPU
		{011873CE-EC2A-41E3-878A-081FE78EC286}.Release|Any CPU.Build.0 = Release|Any CPU
		{04DB68AE-C0A5-4B43-8E0B-A0CE37324EE7}.Debug|Any CPU.ActiveCfg = Debug|Any CPU
		{04DB68AE-C0A5-4B43-8E0B-A0CE37324EE7}.Debug|Any CPU.Build.0 = Debug|Any CPU
		{04DB68AE-C0A5-4B43-8E0B-A0CE37324EE7}.Release|Any CPU.ActiveCfg = Release|Any CPU
		{04DB68AE-C0A5-4B43-8E0B-A0CE37324EE7}.Release|Any CPU.Build.0 = Release|Any CPU
		{6E320629-8F3B-48F0-A026-21EA7A2BA9D9}.Debug|Any CPU.ActiveCfg = Debug|Any CPU
		{6E320629-8F3B-48F0-A026-21EA7A2BA9D9}.Debug|Any CPU.Build.0 = Debug|Any CPU
		{6E320629-8F3B-48F0-A026-21EA7A2BA9D9}.Release|Any CPU.ActiveCfg = Release|Any CPU
		{6E320629-8F3B-48F0-A026-21EA7A2BA9D9}.Release|Any CPU.Build.0 = Release|Any CPU
		{EDF4E020-77F0-457B-AA0A-97CA0D3FFAF2}.Debug|Any CPU.ActiveCfg = Debug|Any CPU
		{EDF4E020-77F0-457B-AA0A-97CA0D3FFAF2}.Debug|Any CPU.Build.0 = Debug|Any CPU
		{EDF4E020-77F0-457B-AA0A-97CA0D3FFAF2}.Release|Any CPU.ActiveCfg = Release|Any CPU
		{EDF4E020-77F0-457B-AA0A-97CA0D3FFAF2}.Release|Any CPU.Build.0 = Release|Any CPU
		{C9D59FA2-00FE-40FB-9A51-89C844B75BD9}.Debug|Any CPU.ActiveCfg = Debug|Any CPU
		{C9D59FA2-00FE-40FB-9A51-89C844B75BD9}.Debug|Any CPU.Build.0 = Debug|Any CPU
		{C9D59FA2-00FE-40FB-9A51-89C844B75BD9}.Release|Any CPU.ActiveCfg = Release|Any CPU
		{C9D59FA2-00FE-40FB-9A51-89C844B75BD9}.Release|Any CPU.Build.0 = Release|Any CPU
		{A048611B-556D-4351-A7E2-79E1E4D32EEE}.Debug|Any CPU.ActiveCfg = Debug|Any CPU
		{A048611B-556D-4351-A7E2-79E1E4D32EEE}.Debug|Any CPU.Build.0 = Debug|Any CPU
		{A048611B-556D-4351-A7E2-79E1E4D32EEE}.Release|Any CPU.ActiveCfg = Release|Any CPU
		{A048611B-556D-4351-A7E2-79E1E4D32EEE}.Release|Any CPU.Build.0 = Release|Any CPU
		{CA203569-2300-4F11-BFAB-0BB6F35F3278}.Debug|Any CPU.ActiveCfg = Debug|Any CPU
		{CA203569-2300-4F11-BFAB-0BB6F35F3278}.Debug|Any CPU.Build.0 = Debug|Any CPU
		{CA203569-2300-4F11-BFAB-0BB6F35F3278}.Release|Any CPU.ActiveCfg = Release|Any CPU
		{CA203569-2300-4F11-BFAB-0BB6F35F3278}.Release|Any CPU.Build.0 = Release|Any CPU
		{E378F9A2-3144-416D-BFB9-8D62B25FEA8C}.Debug|Any CPU.ActiveCfg = Debug|Any CPU
		{E378F9A2-3144-416D-BFB9-8D62B25FEA8C}.Debug|Any CPU.Build.0 = Debug|Any CPU
		{E378F9A2-3144-416D-BFB9-8D62B25FEA8C}.Release|Any CPU.ActiveCfg = Release|Any CPU
		{E378F9A2-3144-416D-BFB9-8D62B25FEA8C}.Release|Any CPU.Build.0 = Release|Any CPU
		{B15D0702-2F46-42DB-A786-98F97EA6E67D}.Debug|Any CPU.ActiveCfg = Debug|Any CPU
		{B15D0702-2F46-42DB-A786-98F97EA6E67D}.Debug|Any CPU.Build.0 = Debug|Any CPU
		{B15D0702-2F46-42DB-A786-98F97EA6E67D}.Release|Any CPU.ActiveCfg = Release|Any CPU
		{B15D0702-2F46-42DB-A786-98F97EA6E67D}.Release|Any CPU.Build.0 = Release|Any CPU
		{EA916003-053B-4B7A-9820-15003E14A5F3}.Debug|Any CPU.ActiveCfg = Debug|Any CPU
		{EA916003-053B-4B7A-9820-15003E14A5F3}.Debug|Any CPU.Build.0 = Debug|Any CPU
		{EA916003-053B-4B7A-9820-15003E14A5F3}.Release|Any CPU.ActiveCfg = Release|Any CPU
		{EA916003-053B-4B7A-9820-15003E14A5F3}.Release|Any CPU.Build.0 = Release|Any CPU
		{1B05DE03-12B9-4A11-9207-FEF2891CC781}.Debug|Any CPU.ActiveCfg = Debug|Any CPU
		{1B05DE03-12B9-4A11-9207-FEF2891CC781}.Debug|Any CPU.Build.0 = Debug|Any CPU
		{1B05DE03-12B9-4A11-9207-FEF2891CC781}.Release|Any CPU.ActiveCfg = Release|Any CPU
		{1B05DE03-12B9-4A11-9207-FEF2891CC781}.Release|Any CPU.Build.0 = Release|Any CPU
		{39B41B4F-11EF-461D-8244-0366B9D6D9FA}.Debug|Any CPU.ActiveCfg = Debug|Any CPU
		{39B41B4F-11EF-461D-8244-0366B9D6D9FA}.Debug|Any CPU.Build.0 = Debug|Any CPU
		{39B41B4F-11EF-461D-8244-0366B9D6D9FA}.Release|Any CPU.ActiveCfg = Release|Any CPU
		{39B41B4F-11EF-461D-8244-0366B9D6D9FA}.Release|Any CPU.Build.0 = Release|Any CPU
		{523B5A82-ADE2-40C6-BCEC-E834C89B47EB}.Debug|Any CPU.ActiveCfg = Debug|Any CPU
		{523B5A82-ADE2-40C6-BCEC-E834C89B47EB}.Debug|Any CPU.Build.0 = Debug|Any CPU
		{523B5A82-ADE2-40C6-BCEC-E834C89B47EB}.Release|Any CPU.ActiveCfg = Release|Any CPU
		{523B5A82-ADE2-40C6-BCEC-E834C89B47EB}.Release|Any CPU.Build.0 = Release|Any CPU
		{47B7DF6F-62FD-4E89-BF2D-8958EC40CF46}.Debug|Any CPU.ActiveCfg = Debug|Any CPU
		{47B7DF6F-62FD-4E89-BF2D-8958EC40CF46}.Debug|Any CPU.Build.0 = Debug|Any CPU
		{47B7DF6F-62FD-4E89-BF2D-8958EC40CF46}.Release|Any CPU.ActiveCfg = Release|Any CPU
		{47B7DF6F-62FD-4E89-BF2D-8958EC40CF46}.Release|Any CPU.Build.0 = Release|Any CPU
		{365AC845-72E4-4C8A-B615-B55DD44193C6}.Debug|Any CPU.ActiveCfg = Debug|Any CPU
		{365AC845-72E4-4C8A-B615-B55DD44193C6}.Debug|Any CPU.Build.0 = Debug|Any CPU
		{365AC845-72E4-4C8A-B615-B55DD44193C6}.Release|Any CPU.ActiveCfg = Release|Any CPU
		{365AC845-72E4-4C8A-B615-B55DD44193C6}.Release|Any CPU.Build.0 = Release|Any CPU
		{28FC81F4-6A51-445F-B7A4-400254DA7FAD}.Debug|Any CPU.ActiveCfg = Debug|Any CPU
		{28FC81F4-6A51-445F-B7A4-400254DA7FAD}.Debug|Any CPU.Build.0 = Debug|Any CPU
		{28FC81F4-6A51-445F-B7A4-400254DA7FAD}.Release|Any CPU.ActiveCfg = Release|Any CPU
		{28FC81F4-6A51-445F-B7A4-400254DA7FAD}.Release|Any CPU.Build.0 = Release|Any CPU
		{90387205-BE02-4E86-8AC9-9794D8900EA4}.Debug|Any CPU.ActiveCfg = Debug|Any CPU
		{90387205-BE02-4E86-8AC9-9794D8900EA4}.Debug|Any CPU.Build.0 = Debug|Any CPU
		{90387205-BE02-4E86-8AC9-9794D8900EA4}.Release|Any CPU.ActiveCfg = Release|Any CPU
		{90387205-BE02-4E86-8AC9-9794D8900EA4}.Release|Any CPU.Build.0 = Release|Any CPU
		{DCDAE568-62A0-4506-B421-DAB24868D387}.Debug|Any CPU.ActiveCfg = Debug|Any CPU
		{DCDAE568-62A0-4506-B421-DAB24868D387}.Debug|Any CPU.Build.0 = Debug|Any CPU
		{DCDAE568-62A0-4506-B421-DAB24868D387}.Release|Any CPU.ActiveCfg = Release|Any CPU
		{DCDAE568-62A0-4506-B421-DAB24868D387}.Release|Any CPU.Build.0 = Release|Any CPU
		{6A2E8CD5-7F64-4376-96B3-FCDCCB476090}.Debug|Any CPU.ActiveCfg = Debug|Any CPU
		{6A2E8CD5-7F64-4376-96B3-FCDCCB476090}.Debug|Any CPU.Build.0 = Debug|Any CPU
		{6A2E8CD5-7F64-4376-96B3-FCDCCB476090}.Release|Any CPU.ActiveCfg = Release|Any CPU
		{6A2E8CD5-7F64-4376-96B3-FCDCCB476090}.Release|Any CPU.Build.0 = Release|Any CPU
	EndGlobalSection
	GlobalSection(SolutionProperties) = preSolution
		HideSolutionNode = FALSE
	EndGlobalSection
	GlobalSection(NestedProjects) = preSolution
		{A1B2C3D4-E5F6-7890-ABCD-EF1234567890} = {Y5Z6A7B8-C9D0-1234-YZAB-567890123456}
		{B2C3D4E5-F6G7-8901-BCDE-F23456789012} = {Y5Z6A7B8-C9D0-1234-YZAB-567890123456}
		{C3D4E5F6-G7H8-9012-CDEF-345678901234} = {Y5Z6A7B8-C9D0-1234-YZAB-567890123456}
		{D4E5F6G7-H8I9-0123-DEFG-456789012345} = {Y5Z6A7B8-C9D0-1234-YZAB-567890123456}
		{E5F6G7H8-I9J0-1234-EFGH-567890123456} = {Y5Z6A7B8-C9D0-1234-YZAB-567890123456}
		{F6G7H8I9-J0K1-2345-FGHI-678901234567} = {Y5Z6A7B8-C9D0-1234-YZAB-567890123456}
		{G7H8I9J0-K1L2-3456-GHIJ-789012345678} = {Z6A7B8C9-D0E1-2345-ZABC-678901234567}
		{H8I9J0K1-L2M3-4567-HIJK-890123456789} = {Z6A7B8C9-D0E1-2345-ZABC-678901234567}
		{I9J0K1L2-M3N4-5678-IJKL-901234567890} = {Z6A7B8C9-D0E1-2345-ZABC-678901234567}
		{J0K1L2M3-N4O5-6789-JKLM-012345678901} = {A7B8C9D0-E1F2-3456-ABCD-789012345678}
		{K1L2M3N4-O5P6-7890-KLMN-123456789012} = {A7B8C9D0-E1F2-3456-ABCD-789012345678}
		{L2M3N4O5-P6Q7-8901-LMNO-234567890123} = {A7B8C9D0-E1F2-3456-ABCD-789012345678}
		{N4O5P6Q7-R8S9-0123-NOPQ-456789012345} = {A7B8C9D0-E1F2-3456-ABCD-789012345678}
		{O5P6Q7R8-S9T0-1234-OPQR-567890123456} = {A7B8C9D0-E1F2-3456-ABCD-789012345678}
		{Q7R8S9T0-U1V2-3456-QRST-789012345678} = {C9D0E1F2-G3H4-5678-CDEF-901234567890}
		{R8S9T0U1-V2W3-4567-RSTU-890123456789} = {C9D0E1F2-G3H4-5678-CDEF-901234567890}
		{S9T0U1V2-W3X4-5678-STUV-901234567890} = {C9D0E1F2-G3H4-5678-CDEF-901234567890}
		{T0U1V2W3-X4Y5-6789-TUVW-012345678901} = {C9D0E1F2-G3H4-5678-CDEF-901234567890}
		{V2W3X4Y5-Z6A7-8901-VWXY-234567890123} = {D0E1F2G3-H4I5-6789-DEFG-012345678901}
		{W3X4Y5Z6-A7B8-9012-WXYZ-345678901234} = {E1F2G3H4-I5J6-7890-EFGH-123456789012}
		{X4Y5Z6A7-B8C9-0123-XYZA-456789012345} = {E1F2G3H4-I5J6-7890-EFGH-123456789012}
		{C9D0E1F2-G3H4-5678-CDEF-901234567890} = {B8C9D0E1-F2G3-4567-BCDE-890123456789}
		{D0E1F2G3-H4I5-6789-DEFG-012345678901} = {B8C9D0E1-F2G3-4567-BCDE-890123456789}
		{E1F2G3H4-I5J6-7890-EFGH-123456789012} = {B8C9D0E1-F2G3-4567-BCDE-890123456789}
		{6DA71BB9-9FD8-4118-96F3-203449C79D1A} = {A7B8C9D0-E1F2-3456-ABCD-789012345678}
		{076495CC-EDF9-4188-966C-5158E5AC1A44} = {D0E1F2G3-H4I5-6789-DEFG-012345678901}
		{9BAF52AB-B489-4BD4-8A2A-59F9008C0E03} = {C9D0E1F2-G3H4-5678-CDEF-901234567890}
		{2E35C5AC-1B71-4F2D-8CB6-DD9FBB955ED4} = {C9D0E1F2-G3H4-5678-CDEF-901234567890}
		{26B16680-9949-4BFA-8B77-B9863AF9D7FD} = {C9D0E1F2-G3H4-5678-CDEF-901234567890}
		{CEEB12ED-35F8-4926-9F1E-BD3A707A9443} = {C9D0E1F2-G3H4-5678-CDEF-901234567890}
		{C15202A3-FA8F-41E4-B50D-8C980863711E} = {C9D0E1F2-G3H4-5678-CDEF-901234567890}
		{62250A97-4B4F-496A-A209-653989B6E8F1} = {C9D0E1F2-G3H4-5678-CDEF-901234567890}
		{A33483FC-295A-41D6-8A91-219914FD5F4B} = {C9D0E1F2-G3H4-5678-CDEF-901234567890}
		{A5450985-092C-4B76-9D97-B19360894DBB} = {C9D0E1F2-G3H4-5678-CDEF-901234567890}
		{B3FE9818-1E8C-40C5-9066-4E67CEE28009} = {C9D0E1F2-G3H4-5678-CDEF-901234567890}
		{03C2AF05-F3B6-4729-BCD5-CAEC706B0C46} = {C9D0E1F2-G3H4-5678-CDEF-901234567890}
		{CF2315A8-E34E-4295-B60A-7D47B2970103} = {03C2AF05-F3B6-4729-BCD5-CAEC706B0C46}
		{4944DE91-5261-467D-90B2-7DCE0A0E6DAD} = {C9D0E1F2-G3H4-5678-CDEF-901234567890}
		{9FB11391-3D62-44F0-A5F4-5A932CBAE368} = {C9D0E1F2-G3H4-5678-CDEF-901234567890}
		{1DCF5B87-F7B7-42FC-A354-0E49F725FE9A} = {C9D0E1F2-G3H4-5678-CDEF-901234567890}
		{805DD438-6EFC-4CDF-B73C-3F7C225DA6E8} = {C9D0E1F2-G3H4-5678-CDEF-901234567890}
		{F2985408-424C-4738-AD5B-A6C758799CFB} = {C9D0E1F2-G3H4-5678-CDEF-901234567890}
		{4392EB0E-A2B0-4F75-8A26-ED5D3F0EDDEA} = {C9D0E1F2-G3H4-5678-CDEF-901234567890}
		{08D94716-F55B-4475-815A-91D90B8559D1} = {C9D0E1F2-G3H4-5678-CDEF-901234567890}
		{F8959BB8-F951-4A58-8B27-E689185A09F6} = {C9D0E1F2-G3H4-5678-CDEF-901234567890}
		{698F9CEA-4544-4439-8066-A411BAF9E1FD} = {C9D0E1F2-G3H4-5678-CDEF-901234567890}
		{372AEDD2-7842-4CE8-88E3-4C036F65BB5B} = {C9D0E1F2-G3H4-5678-CDEF-901234567890}
		{B47870E8-1D86-425B-A0CA-F7746C6B0D54} = {B8C9D0E1-F2G3-4567-BCDE-890123456789}
		{02DB8328-7C86-432D-A577-A09EE010C2BB} = {B47870E8-1D86-425B-A0CA-F7746C6B0D54}
		{8AF05120-F316-45E7-AC4E-55F9384EE736} = {B47870E8-1D86-425B-A0CA-F7746C6B0D54}
		{2A4EC9E2-73D1-4119-B902-EE5FB0B44FD4} = {B47870E8-1D86-425B-A0CA-F7746C6B0D54}
		{57CA23FE-6B8A-4063-B575-7A8431D952E3} = {B47870E8-1D86-425B-A0CA-F7746C6B0D54}
		{A688E914-77C4-410B-B739-B8E9CDCBDDAC} = {B8C9D0E1-F2G3-4567-BCDE-890123456789}
		{251F0EA6-C92A-4E20-9910-FF2D0491E08F} = {A688E914-77C4-410B-B739-B8E9CDCBDDAC}
		{394496AC-F0E5-4CFE-8A9B-92EDF128D822} = {A688E914-77C4-410B-B739-B8E9CDCBDDAC}
		{4FDE1CC0-9887-46A3-BB79-5D636F9BB2E9} = {B8C9D0E1-F2G3-4567-BCDE-890123456789}
		{0130BF31-E88A-4AB4-8470-5F5D446F789C} = {4FDE1CC0-9887-46A3-BB79-5D636F9BB2E9}
		{BC7A2E06-4EA0-42AC-8CE8-4E074AE01989} = {4FDE1CC0-9887-46A3-BB79-5D636F9BB2E9}
		{57BF49B2-CCC3-41F0-AC2C-5AF4A08E32DE} = {E1F2G3H4-I5J6-7890-EFGH-123456789012}
		{011873CE-EC2A-41E3-878A-081FE78EC286} = {E1F2G3H4-I5J6-7890-EFGH-123456789012}
		{04DB68AE-C0A5-4B43-8E0B-A0CE37324EE7} = {E1F2G3H4-I5J6-7890-EFGH-123456789012}
		{6E320629-8F3B-48F0-A026-21EA7A2BA9D9} = {E1F2G3H4-I5J6-7890-EFGH-123456789012}
		{EDF4E020-77F0-457B-AA0A-97CA0D3FFAF2} = {E1F2G3H4-I5J6-7890-EFGH-123456789012}
		{C9D59FA2-00FE-40FB-9A51-89C844B75BD9} = {E1F2G3H4-I5J6-7890-EFGH-123456789012}
		{A048611B-556D-4351-A7E2-79E1E4D32EEE} = {E1F2G3H4-I5J6-7890-EFGH-123456789012}
		{CA203569-2300-4F11-BFAB-0BB6F35F3278} = {E1F2G3H4-I5J6-7890-EFGH-123456789012}
		{E378F9A2-3144-416D-BFB9-8D62B25FEA8C} = {E1F2G3H4-I5J6-7890-EFGH-123456789012}
		{B15D0702-2F46-42DB-A786-98F97EA6E67D} = {E1F2G3H4-I5J6-7890-EFGH-123456789012}
		{C1E015F2-9587-40D2-A534-1339A5C7A04B} = {B8C9D0E1-F2G3-4567-BCDE-890123456789}
		{EA916003-053B-4B7A-9820-15003E14A5F3} = {C1E015F2-9587-40D2-A534-1339A5C7A04B}
		{1B05DE03-12B9-4A11-9207-FEF2891CC781} = {C1E015F2-9587-40D2-A534-1339A5C7A04B}
		{39B41B4F-11EF-461D-8244-0366B9D6D9FA} = {C1E015F2-9587-40D2-A534-1339A5C7A04B}
		{523B5A82-ADE2-40C6-BCEC-E834C89B47EB} = {C1E015F2-9587-40D2-A534-1339A5C7A04B}
		{47B7DF6F-62FD-4E89-BF2D-8958EC40CF46} = {C1E015F2-9587-40D2-A534-1339A5C7A04B}
		{365AC845-72E4-4C8A-B615-B55DD44193C6} = {C1E015F2-9587-40D2-A534-1339A5C7A04B}
		{28FC81F4-6A51-445F-B7A4-400254DA7FAD} = {D0E1F2G3-H4I5-6789-DEFG-012345678901}
		{90387205-BE02-4E86-8AC9-9794D8900EA4} = {D0E1F2G3-H4I5-6789-DEFG-012345678901}
		{DCDAE568-62A0-4506-B421-DAB24868D387} = {D0E1F2G3-H4I5-6789-DEFG-012345678901}
		{6A2E8CD5-7F64-4376-96B3-FCDCCB476090} = {D0E1F2G3-H4I5-6789-DEFG-012345678901}
	EndGlobalSection
	GlobalSection(ExtensibilityGlobals) = postSolution
		SolutionGuid = {12345678-1234-5678-9ABC-DEF012345678}
	EndGlobalSection
EndGlobal
