
Microsoft Visual Studio Solution File, Format Version 12.00
# Visual Studio Version 17
VisualStudioVersion = 17.0.31903.59
MinimumVisualStudioVersion = 10.0.40219.1
Project("{9A19103F-16F7-4668-BE54-9A1E7A4F7556}") = "NextGenSoftware.OASIS.API.Contracts", "OASIS Architecture\NextGenSoftware.OASIS.API.Contracts\NextGenSoftware.OASIS.API.Contracts.csproj", "{A1B2C3D4-E5F6-7890-ABCD-EF1234567890}"
EndProject
Project("{9A19103F-16F7-4668-BE54-9A1E7A4F7556}") = "NextGenSoftware.OASIS.API.Core", "OASIS Architecture\NextGenSoftware.OASIS.API.Core\NextGenSoftware.OASIS.API.Core.csproj", "{7E240B9F-F1B0-4F81-84B7-BF9EE7EC0248}"
EndProject
Project("{9A19103F-16F7-4668-BE54-9A1E7A4F7556}") = "NextGenSoftware.OASIS.API.DNA", "OASIS Architecture\NextGenSoftware.OASIS.API.DNA\NextGenSoftware.OASIS.API.DNA.csproj", "{6BCEA0FB-4BF7-4A37-9FEC-DA02B10FC523}"
EndProject
Project("{9A19103F-16F7-4668-BE54-9A1E7A4F7556}") = "NextGenSoftware.OASIS.API.Managers", "OASIS Architecture\NextGenSoftware.OASIS.API.Managers\NextGenSoftware.OASIS.API.Managers.csproj", "{7C8239D9-B85B-4A6A-8EA5-1F48EBC13AB2}"
EndProject
Project("{9A19103F-16F7-4668-BE54-9A1E7A4F7556}") = "NextGenSoftware.OASIS.Common", "OASIS Architecture\NextGenSoftware.OASIS.Common\NextGenSoftware.OASIS.Common.csproj", "{7E9582B2-ABB2-4A23-95A3-922972AD91CE}"
EndProject
Project("{9A19103F-16F7-4668-BE54-9A1E7A4F7556}") = "NextGenSoftware.OASIS.OASISBootLoader", "OASIS Architecture\NextGenSoftware.OASIS.OASISBootLoader\NextGenSoftware.OASIS.OASISBootLoader.csproj", "{02B96B32-8A6D-4529-ABC9-BD3F1463D2F5}"
EndProject
Project("{9A19103F-16F7-4668-BE54-9A1E7A4F7556}") = "NextGenSoftware.OASIS.API.ONODE.Core", "ONODE\NextGenSoftware.OASIS.API.ONODE.Core\NextGenSoftware.OASIS.API.ONODE.Core.csproj", "{E9B3B9C7-1770-47F1-885E-8C445D82D7C4}"
EndProject
Project("{9A19103F-16F7-4668-BE54-9A1E7A4F7556}") = "NextGenSoftware.OASIS.API.ONODE.OPORTAL", "ONODE\NextGenSoftware.OASIS.API.ONODE.OPORTAL\NextGenSoftware.OASIS.API.ONODE.OPORTAL.csproj", "{8020AFE3-FF5C-446B-B09E-CC8C9DE8A365}"
EndProject
Project("{9A19103F-16F7-4668-BE54-9A1E7A4F7556}") = "NextGenSoftware.OASIS.API.ONODE.WebAPI", "ONODE\NextGenSoftware.OASIS.API.ONODE.WebAPI\NextGenSoftware.OASIS.API.ONODE.WebAPI.csproj", "{DD1B72F5-1BF4-45F7-82A8-551B56450140}"
EndProject
Project("{9A19103F-16F7-4668-BE54-9A1E7A4F7556}") = "NextGenSoftware.OASIS.STAR", "STAR ODK\NextGenSoftware.OASIS.STAR\NextGenSoftware.OASIS.STAR.csproj", "{7763A738-E01C-41D1-AF09-A6ACD72B186F}"
EndProject
Project("{9A19103F-16F7-4668-BE54-9A1E7A4F7556}") = "NextGenSoftware.OASIS.STAR.CLI", "STAR ODK\NextGenSoftware.OASIS.STAR.CLI\NextGenSoftware.OASIS.STAR.CLI.csproj", "{894AA89C-5A99-428C-BF32-8853CE0A44C8}"
EndProject
Project("{9A19103F-16F7-4668-BE54-9A1E7A4F7556}") = "NextGenSoftware.OASIS.STAR.CLI.Lib", "STAR ODK\NextGenSoftware.OASIS.STAR.CLI.Lib\NextGenSoftware.OASIS.STAR.CLI.Lib.csproj", "{82F0444C-A448-46D7-8775-D02236B26186}"
EndProject
Project("{9A19103F-16F7-4668-BE54-9A1E7A4F7556}") = "NextGenSoftware.OASIS.STAR.WebAPI", "STAR ODK\NextGenSoftware.OASIS.STAR.WebAPI\NextGenSoftware.OASIS.STAR.WebAPI.csproj", "{CADAE826-D7A5-4D36-9731-BD5E86DB0548}"
EndProject
Project("{9A19103F-16F7-4668-BE54-9A1E7A4F7556}") = "NextGenSoftware.OASIS.STAR.WebUI", "STAR ODK\NextGenSoftware.OASIS.STAR.WebUI\NextGenSoftware.OASIS.STAR.WebUI.csproj", "{784E72A4-AC78-41CB-B847-264E91C960FE}"
EndProject
Project("{9A19103F-16F7-4668-BE54-9A1E7A4F7556}") = "NextGenSoftware.OASIS.API.Native.Integrated.EndPoint", "Native EndPoint\NextGenSoftware.OASIS.API.Native.Integrated.EndPoint\NextGenSoftware.OASIS.API.Native.Integrated.EndPoint.csproj", "{30249D22-8D42-4EA5-BEFC-2D8C315ECCC1}"
EndProject
Project("{2150E333-8FDC-42A3-9474-1A3956D46DE8}") = "OASIS Architecture", "OASIS Architecture", "{F10387C0-BEE4-4832-9F55-F4BC2DBA3004}"
EndProject
Project("{2150E333-8FDC-42A3-9474-1A3956D46DE8}") = "ONODE", "ONODE", "{AFA80DBE-404B-4589-93A6-0289AD3D34A2}"
EndProject
Project("{2150E333-8FDC-42A3-9474-1A3956D46DE8}") = "STAR ODK", "STAR ODK", "{3DC85685-5C14-4B6D-B08E-32D1E7A2B4C3}"
EndProject
Project("{2150E333-8FDC-42A3-9474-1A3956D46DE8}") = "Providers", "Providers", "{BD112838-AD9D-4B03-93E0-340154D10466}"
	ProjectSection(SolutionItems) = preProject
		Providers\PROVIDER_IMPLEMENTATION_STATUS.md = Providers\PROVIDER_IMPLEMENTATION_STATUS.md
	EndProjectSection
EndProject
Project("{FAE04EC0-301F-11D3-BF4B-00C04F79EFBC}") = "NextGenSoftware.OASIS.STAR.DNA", "STAR ODK\NextGenSoftware.OASIS.STAR.STARDNA\NextGenSoftware.OASIS.STAR.DNA.csproj", "{3C7B3844-71C0-48F9-BF9A-C04552BCC9BD}"
EndProject
Project("{2150E333-8FDC-42A3-9474-1A3956D46DE8}") = "Storage", "Storage", "{8486A655-CA98-4D1E-B9F9-2FA76B41BE83}"
EndProject
Project("{FAE04EC0-301F-11D3-BF4B-00C04F79EFBC}") = "NextGenSoftware.OASIS.API.Providers.MongoDBOASIS", "Providers\Storage\NextGenSoftware.OASIS.API.Providers.MongoOASIS\NextGenSoftware.OASIS.API.Providers.MongoDBOASIS.csproj", "{2E29EDFA-882C-4B5D-BF7B-E3B7D43740A7}"
EndProject
Global
	GlobalSection(SolutionConfigurationPlatforms) = preSolution
		Debug|Any CPU = Debug|Any CPU
		Release|Any CPU = Release|Any CPU
	EndGlobalSection
	GlobalSection(ProjectConfigurationPlatforms) = postSolution
		{A1B2C3D4-E5F6-7890-ABCD-EF1234567890}.Debug|Any CPU.ActiveCfg = Debug|Any CPU
		{A1B2C3D4-E5F6-7890-ABCD-EF1234567890}.Debug|Any CPU.Build.0 = Debug|Any CPU
		{A1B2C3D4-E5F6-7890-ABCD-EF1234567890}.Release|Any CPU.ActiveCfg = Release|Any CPU
		{A1B2C3D4-E5F6-7890-ABCD-EF1234567890}.Release|Any CPU.Build.0 = Release|Any CPU
		{7E240B9F-F1B0-4F81-84B7-BF9EE7EC0248}.Debug|Any CPU.ActiveCfg = Debug|Any CPU
		{7E240B9F-F1B0-4F81-84B7-BF9EE7EC0248}.Debug|Any CPU.Build.0 = Debug|Any CPU
		{7E240B9F-F1B0-4F81-84B7-BF9EE7EC0248}.Release|Any CPU.ActiveCfg = Release|Any CPU
		{7E240B9F-F1B0-4F81-84B7-BF9EE7EC0248}.Release|Any CPU.Build.0 = Release|Any CPU
		{6BCEA0FB-4BF7-4A37-9FEC-DA02B10FC523}.Debug|Any CPU.ActiveCfg = Debug|Any CPU
		{6BCEA0FB-4BF7-4A37-9FEC-DA02B10FC523}.Debug|Any CPU.Build.0 = Debug|Any CPU
		{6BCEA0FB-4BF7-4A37-9FEC-DA02B10FC523}.Release|Any CPU.ActiveCfg = Release|Any CPU
		{6BCEA0FB-4BF7-4A37-9FEC-DA02B10FC523}.Release|Any CPU.Build.0 = Release|Any CPU
		{7C8239D9-B85B-4A6A-8EA5-1F48EBC13AB2}.Debug|Any CPU.ActiveCfg = Debug|Any CPU
		{7C8239D9-B85B-4A6A-8EA5-1F48EBC13AB2}.Debug|Any CPU.Build.0 = Debug|Any CPU
		{7C8239D9-B85B-4A6A-8EA5-1F48EBC13AB2}.Release|Any CPU.ActiveCfg = Release|Any CPU
		{7C8239D9-B85B-4A6A-8EA5-1F48EBC13AB2}.Release|Any CPU.Build.0 = Release|Any CPU
		{7E9582B2-ABB2-4A23-95A3-922972AD91CE}.Debug|Any CPU.ActiveCfg = Debug|Any CPU
		{7E9582B2-ABB2-4A23-95A3-922972AD91CE}.Debug|Any CPU.Build.0 = Debug|Any CPU
		{7E9582B2-ABB2-4A23-95A3-922972AD91CE}.Release|Any CPU.ActiveCfg = Release|Any CPU
		{7E9582B2-ABB2-4A23-95A3-922972AD91CE}.Release|Any CPU.Build.0 = Release|Any CPU
		{02B96B32-8A6D-4529-ABC9-BD3F1463D2F5}.Debug|Any CPU.ActiveCfg = Debug|Any CPU
		{02B96B32-8A6D-4529-ABC9-BD3F1463D2F5}.Debug|Any CPU.Build.0 = Debug|Any CPU
		{02B96B32-8A6D-4529-ABC9-BD3F1463D2F5}.Release|Any CPU.ActiveCfg = Release|Any CPU
		{02B96B32-8A6D-4529-ABC9-BD3F1463D2F5}.Release|Any CPU.Build.0 = Release|Any CPU
		{E9B3B9C7-1770-47F1-885E-8C445D82D7C4}.Debug|Any CPU.ActiveCfg = Debug|Any CPU
		{E9B3B9C7-1770-47F1-885E-8C445D82D7C4}.Debug|Any CPU.Build.0 = Debug|Any CPU
		{E9B3B9C7-1770-47F1-885E-8C445D82D7C4}.Release|Any CPU.ActiveCfg = Release|Any CPU
		{E9B3B9C7-1770-47F1-885E-8C445D82D7C4}.Release|Any CPU.Build.0 = Release|Any CPU
		{8020AFE3-FF5C-446B-B09E-CC8C9DE8A365}.Debug|Any CPU.ActiveCfg = Debug|Any CPU
		{8020AFE3-FF5C-446B-B09E-CC8C9DE8A365}.Debug|Any CPU.Build.0 = Debug|Any CPU
		{8020AFE3-FF5C-446B-B09E-CC8C9DE8A365}.Release|Any CPU.ActiveCfg = Release|Any CPU
		{8020AFE3-FF5C-446B-B09E-CC8C9DE8A365}.Release|Any CPU.Build.0 = Release|Any CPU
		{DD1B72F5-1BF4-45F7-82A8-551B56450140}.Debug|Any CPU.ActiveCfg = Debug|Any CPU
		{DD1B72F5-1BF4-45F7-82A8-551B56450140}.Debug|Any CPU.Build.0 = Debug|Any CPU
		{DD1B72F5-1BF4-45F7-82A8-551B56450140}.Release|Any CPU.ActiveCfg = Release|Any CPU
		{DD1B72F5-1BF4-45F7-82A8-551B56450140}.Release|Any CPU.Build.0 = Release|Any CPU
		{7763A738-E01C-41D1-AF09-A6ACD72B186F}.Debug|Any CPU.ActiveCfg = Debug|Any CPU
		{7763A738-E01C-41D1-AF09-A6ACD72B186F}.Debug|Any CPU.Build.0 = Debug|Any CPU
		{7763A738-E01C-41D1-AF09-A6ACD72B186F}.Release|Any CPU.ActiveCfg = Release|Any CPU
		{7763A738-E01C-41D1-AF09-A6ACD72B186F}.Release|Any CPU.Build.0 = Release|Any CPU
		{894AA89C-5A99-428C-BF32-8853CE0A44C8}.Debug|Any CPU.ActiveCfg = Debug|Any CPU
		{894AA89C-5A99-428C-BF32-8853CE0A44C8}.Debug|Any CPU.Build.0 = Debug|Any CPU
		{894AA89C-5A99-428C-BF32-8853CE0A44C8}.Release|Any CPU.ActiveCfg = Release|Any CPU
		{894AA89C-5A99-428C-BF32-8853CE0A44C8}.Release|Any CPU.Build.0 = Release|Any CPU
		{82F0444C-A448-46D7-8775-D02236B26186}.Debug|Any CPU.ActiveCfg = Debug|Any CPU
		{82F0444C-A448-46D7-8775-D02236B26186}.Debug|Any CPU.Build.0 = Debug|Any CPU
		{82F0444C-A448-46D7-8775-D02236B26186}.Release|Any CPU.ActiveCfg = Release|Any CPU
		{82F0444C-A448-46D7-8775-D02236B26186}.Release|Any CPU.Build.0 = Release|Any CPU
		{CADAE826-D7A5-4D36-9731-BD5E86DB0548}.Debug|Any CPU.ActiveCfg = Debug|Any CPU
		{CADAE826-D7A5-4D36-9731-BD5E86DB0548}.Debug|Any CPU.Build.0 = Debug|Any CPU
		{CADAE826-D7A5-4D36-9731-BD5E86DB0548}.Release|Any CPU.ActiveCfg = Release|Any CPU
		{CADAE826-D7A5-4D36-9731-BD5E86DB0548}.Release|Any CPU.Build.0 = Release|Any CPU
		{784E72A4-AC78-41CB-B847-264E91C960FE}.Debug|Any CPU.ActiveCfg = Debug|Any CPU
		{784E72A4-AC78-41CB-B847-264E91C960FE}.Debug|Any CPU.Build.0 = Debug|Any CPU
		{784E72A4-AC78-41CB-B847-264E91C960FE}.Release|Any CPU.ActiveCfg = Release|Any CPU
		{784E72A4-AC78-41CB-B847-264E91C960FE}.Release|Any CPU.Build.0 = Release|Any CPU
		{30249D22-8D42-4EA5-BEFC-2D8C315ECCC1}.Debug|Any CPU.ActiveCfg = Debug|Any CPU
		{30249D22-8D42-4EA5-BEFC-2D8C315ECCC1}.Debug|Any CPU.Build.0 = Debug|Any CPU
		{30249D22-8D42-4EA5-BEFC-2D8C315ECCC1}.Release|Any CPU.ActiveCfg = Release|Any CPU
		{30249D22-8D42-4EA5-BEFC-2D8C315ECCC1}.Release|Any CPU.Build.0 = Release|Any CPU
		{3C7B3844-71C0-48F9-BF9A-C04552BCC9BD}.Debug|Any CPU.ActiveCfg = Debug|Any CPU
		{3C7B3844-71C0-48F9-BF9A-C04552BCC9BD}.Debug|Any CPU.Build.0 = Debug|Any CPU
		{3C7B3844-71C0-48F9-BF9A-C04552BCC9BD}.Release|Any CPU.ActiveCfg = Release|Any CPU
		{3C7B3844-71C0-48F9-BF9A-C04552BCC9BD}.Release|Any CPU.Build.0 = Release|Any CPU
		{2E29EDFA-882C-4B5D-BF7B-E3B7D43740A7}.Debug|Any CPU.ActiveCfg = Debug|Any CPU
		{2E29EDFA-882C-4B5D-BF7B-E3B7D43740A7}.Debug|Any CPU.Build.0 = Debug|Any CPU
		{2E29EDFA-882C-4B5D-BF7B-E3B7D43740A7}.Release|Any CPU.ActiveCfg = Release|Any CPU
		{2E29EDFA-882C-4B5D-BF7B-E3B7D43740A7}.Release|Any CPU.Build.0 = Release|Any CPU
	EndGlobalSection
	GlobalSection(SolutionProperties) = preSolution
		HideSolutionNode = FALSE
	EndGlobalSection
	GlobalSection(NestedProjects) = preSolution
		{A1B2C3D4-E5F6-7890-ABCD-EF1234567890} = {F10387C0-BEE4-4832-9F55-F4BC2DBA3004}
		{7E240B9F-F1B0-4F81-84B7-BF9EE7EC0248} = {F10387C0-BEE4-4832-9F55-F4BC2DBA3004}
		{6BCEA0FB-4BF7-4A37-9FEC-DA02B10FC523} = {F10387C0-BEE4-4832-9F55-F4BC2DBA3004}
		{7C8239D9-B85B-4A6A-8EA5-1F48EBC13AB2} = {F10387C0-BEE4-4832-9F55-F4BC2DBA3004}
		{7E9582B2-ABB2-4A23-95A3-922972AD91CE} = {F10387C0-BEE4-4832-9F55-F4BC2DBA3004}
		{02B96B32-8A6D-4529-ABC9-BD3F1463D2F5} = {F10387C0-BEE4-4832-9F55-F4BC2DBA3004}
		{E9B3B9C7-1770-47F1-885E-8C445D82D7C4} = {AFA80DBE-404B-4589-93A6-0289AD3D34A2}
		{8020AFE3-FF5C-446B-B09E-CC8C9DE8A365} = {AFA80DBE-404B-4589-93A6-0289AD3D34A2}
		{DD1B72F5-1BF4-45F7-82A8-551B56450140} = {AFA80DBE-404B-4589-93A6-0289AD3D34A2}
		{7763A738-E01C-41D1-AF09-A6ACD72B186F} = {3DC85685-5C14-4B6D-B08E-32D1E7A2B4C3}
		{894AA89C-5A99-428C-BF32-8853CE0A44C8} = {3DC85685-5C14-4B6D-B08E-32D1E7A2B4C3}
		{82F0444C-A448-46D7-8775-D02236B26186} = {3DC85685-5C14-4B6D-B08E-32D1E7A2B4C3}
		{CADAE826-D7A5-4D36-9731-BD5E86DB0548} = {3DC85685-5C14-4B6D-B08E-32D1E7A2B4C3}
		{784E72A4-AC78-41CB-B847-264E91C960FE} = {3DC85685-5C14-4B6D-B08E-32D1E7A2B4C3}
		{30249D22-8D42-4EA5-BEFC-2D8C315ECCC1} = {AFA80DBE-404B-4589-93A6-0289AD3D34A2}
		{3C7B3844-71C0-48F9-BF9A-C04552BCC9BD} = {3DC85685-5C14-4B6D-B08E-32D1E7A2B4C3}
		{8486A655-CA98-4D1E-B9F9-2FA76B41BE83} = {BD112838-AD9D-4B03-93E0-340154D10466}
		{2E29EDFA-882C-4B5D-BF7B-E3B7D43740A7} = {8486A655-CA98-4D1E-B9F9-2FA76B41BE83}
	EndGlobalSection
	GlobalSection(ExtensibilityGlobals) = postSolution
		SolutionGuid = {12345678-1234-5678-9ABC-DEF012345678}
	EndGlobalSection
EndGlobal
